// !$*UTF8*$!
{
	archiveVersion = 1;
	classes = {
	};
	objectVersion = 51;
	objects = {

/* Begin PBXBuildFile section */
		43DEA8AE98EF802DEB2748D0 /* Pods_TapNetworkKit_Example.framework in Frameworks */ = {isa = PBXBuildFile; fileRef = 687C1A17B6711319F6176B14 /* Pods_TapNetworkKit_Example.framework */; };
		620965CA24E3EF9A00BD9985 /* TapLogger.swift in Sources */ = {isa = PBXBuildFile; fileRef = 620965C924E3EF9A00BD9985 /* TapLogger.swift */; };
		627E3CE624DAB42F00B2E096 /* AppDelegate.swift in Sources */ = {isa = PBXBuildFile; fileRef = 627E3CE524DAB42F00B2E096 /* AppDelegate.swift */; };
		627E3CE824DAB42F00B2E096 /* SceneDelegate.swift in Sources */ = {isa = PBXBuildFile; fileRef = 627E3CE724DAB42F00B2E096 /* SceneDelegate.swift */; };
		627E3CEA24DAB42F00B2E096 /* ViewController.swift in Sources */ = {isa = PBXBuildFile; fileRef = 627E3CE924DAB42F00B2E096 /* ViewController.swift */; };
		627E3CED24DAB42F00B2E096 /* Main.storyboard in Resources */ = {isa = PBXBuildFile; fileRef = 627E3CEB24DAB42F00B2E096 /* Main.storyboard */; };
		627E3CEF24DAB43100B2E096 /* Assets.xcassets in Resources */ = {isa = PBXBuildFile; fileRef = 627E3CEE24DAB43100B2E096 /* Assets.xcassets */; };
		627E3CF224DAB43100B2E096 /* LaunchScreen.storyboard in Resources */ = {isa = PBXBuildFile; fileRef = 627E3CF024DAB43100B2E096 /* LaunchScreen.storyboard */; };
		627E3CF824DAB80C00B2E096 /* ExampleViewController.swift in Sources */ = {isa = PBXBuildFile; fileRef = 627E3CF724DAB80C00B2E096 /* ExampleViewController.swift */; };
		62E2966D24DAFB3C000A9310 /* StoreiesResponse.swift in Sources */ = {isa = PBXBuildFile; fileRef = 62E2966C24DAFB3C000A9310 /* StoreiesResponse.swift */; };
		62E2966F24DB079F000A9310 /* StoriesError.swift in Sources */ = {isa = PBXBuildFile; fileRef = 62E2966E24DB079F000A9310 /* StoriesError.swift */; };
		62E2967124DBFC6B000A9310 /* VoteSuccess.swift in Sources */ = {isa = PBXBuildFile; fileRef = 62E2967024DBFC6B000A9310 /* VoteSuccess.swift */; };
		62E2967324DBFD12000A9310 /* TestCaseType.swift in Sources */ = {isa = PBXBuildFile; fileRef = 62E2967224DBFD12000A9310 /* TestCaseType.swift */; };
		9F1714E8AC6629BFF1F04927 /* Pods_TapNetworkKit_iOS.framework in Frameworks */ = {isa = PBXBuildFile; fileRef = 34DB705691BC3DD41F2024A8 /* Pods_TapNetworkKit_iOS.framework */; };
		E82BC09D24DAE9640068773C /* Pods_TapNetworkKit_iOS.framework in Embed Frameworks */ = {isa = PBXBuildFile; fileRef = 8C80EC74200662638F69B803 /* Pods_TapNetworkKit_iOS.framework */; settings = {ATTRIBUTES = (CodeSignOnCopy, RemoveHeadersOnCopy, ); }; };
		E82BC0A724DAE9E50068773C /* TapNetworkKit_iOS.framework in Frameworks */ = {isa = PBXBuildFile; fileRef = E88D0E1524694D96007CA160 /* TapNetworkKit_iOS.framework */; };
		E82BC0A824DAE9E50068773C /* TapNetworkKit_iOS.framework in Embed Frameworks */ = {isa = PBXBuildFile; fileRef = E88D0E1524694D96007CA160 /* TapNetworkKit_iOS.framework */; settings = {ATTRIBUTES = (CodeSignOnCopy, RemoveHeadersOnCopy, ); }; };
		E870987B289BEDBE000DDAC5 /* SourceRequest.swift in Sources */ = {isa = PBXBuildFile; fileRef = E870982A289BEDBE000DDAC5 /* SourceRequest.swift */; };
		E870987C289BEDBE000DDAC5 /* Source.swift in Sources */ = {isa = PBXBuildFile; fileRef = E870982B289BEDBE000DDAC5 /* Source.swift */; };
		E870987D289BEDBE000DDAC5 /* Reference.swift in Sources */ = {isa = PBXBuildFile; fileRef = E870982C289BEDBE000DDAC5 /* Reference.swift */; };
		E870987E289BEDBE000DDAC5 /* Authentication.swift in Sources */ = {isa = PBXBuildFile; fileRef = E870982D289BEDBE000DDAC5 /* Authentication.swift */; };
		E870987F289BEDBE000DDAC5 /* Gateway.swift in Sources */ = {isa = PBXBuildFile; fileRef = E870982E289BEDBE000DDAC5 /* Gateway.swift */; };
		E8709880289BEDBE000DDAC5 /* Address.swift in Sources */ = {isa = PBXBuildFile; fileRef = E870982F289BEDBE000DDAC5 /* Address.swift */; };
		E8709881289BEDBE000DDAC5 /* CardScheme.swift in Sources */ = {isa = PBXBuildFile; fileRef = E8709830289BEDBE000DDAC5 /* CardScheme.swift */; };
		E8709882289BEDBE000DDAC5 /* TransactionExpiry.swift in Sources */ = {isa = PBXBuildFile; fileRef = E8709831289BEDBE000DDAC5 /* TransactionExpiry.swift */; };
		E8709883289BEDBE000DDAC5 /* Order.swift in Sources */ = {isa = PBXBuildFile; fileRef = E8709832289BEDBE000DDAC5 /* Order.swift */; };
		E8709884289BEDBE000DDAC5 /* TapCustomer.swift in Sources */ = {isa = PBXBuildFile; fileRef = E8709833289BEDBE000DDAC5 /* TapCustomer.swift */; };
		E8709885289BEDBE000DDAC5 /* CreateTokenSavedCard.swift in Sources */ = {isa = PBXBuildFile; fileRef = E8709834289BEDBE000DDAC5 /* CreateTokenSavedCard.swift */; };
		E8709886289BEDBE000DDAC5 /* Config.swift in Sources */ = {isa = PBXBuildFile; fileRef = E8709835289BEDBE000DDAC5 /* Config.swift */; };
		E8709887289BEDBE000DDAC5 /* AuthorizeActionResponse.swift in Sources */ = {isa = PBXBuildFile; fileRef = E8709836289BEDBE000DDAC5 /* AuthorizeActionResponse.swift */; };
		E8709888289BEDBE000DDAC5 /* TransactionOrder.swift in Sources */ = {isa = PBXBuildFile; fileRef = E8709837289BEDBE000DDAC5 /* TransactionOrder.swift */; };
		E8709889289BEDBE000DDAC5 /* Receipt.swift in Sources */ = {isa = PBXBuildFile; fileRef = E8709838289BEDBE000DDAC5 /* Receipt.swift */; };
		E870988A289BEDBE000DDAC5 /* Acquirer.swift in Sources */ = {isa = PBXBuildFile; fileRef = E8709839289BEDBE000DDAC5 /* Acquirer.swift */; };
		E870988B289BEDBE000DDAC5 /* CreateTokenCard.swift in Sources */ = {isa = PBXBuildFile; fileRef = E870983A289BEDBE000DDAC5 /* CreateTokenCard.swift */; };
		E870988C289BEDBE000DDAC5 /* Response.swift in Sources */ = {isa = PBXBuildFile; fileRef = E870983B289BEDBE000DDAC5 /* Response.swift */; };
		E870988D289BEDBE000DDAC5 /* Country.swift in Sources */ = {isa = PBXBuildFile; fileRef = E870983C289BEDBE000DDAC5 /* Country.swift */; };
		E870988E289BEDBE000DDAC5 /* TapPaymentOption.swift in Sources */ = {isa = PBXBuildFile; fileRef = E870983D289BEDBE000DDAC5 /* TapPaymentOption.swift */; };
		E870988F289BEDBE000DDAC5 /* TokenizedCard.swift in Sources */ = {isa = PBXBuildFile; fileRef = E870983E289BEDBE000DDAC5 /* TokenizedCard.swift */; };
		E8709890289BEDBE000DDAC5 /* TapLoggingModel.swift in Sources */ = {isa = PBXBuildFile; fileRef = E870983F289BEDBE000DDAC5 /* TapLoggingModel.swift */; };
		E8709891289BEDBE000DDAC5 /* TransactionDetails.swift in Sources */ = {isa = PBXBuildFile; fileRef = E8709840289BEDBE000DDAC5 /* TransactionDetails.swift */; };
		E8709892289BEDBE000DDAC5 /* DestinationGroup.swift in Sources */ = {isa = PBXBuildFile; fileRef = E8709841289BEDBE000DDAC5 /* DestinationGroup.swift */; };
		E8709893289BEDBE000DDAC5 /* Authorize.swift in Sources */ = {isa = PBXBuildFile; fileRef = E8709842289BEDBE000DDAC5 /* Authorize.swift */; };
		E8709894289BEDBE000DDAC5 /* TrackingURL.swift in Sources */ = {isa = PBXBuildFile; fileRef = E8709843289BEDBE000DDAC5 /* TrackingURL.swift */; };
		E8709895289BEDBE000DDAC5 /* Destination.swift in Sources */ = {isa = PBXBuildFile; fileRef = E8709844289BEDBE000DDAC5 /* Destination.swift */; };
		E8709896289BEDBE000DDAC5 /* Charge.swift in Sources */ = {isa = PBXBuildFile; fileRef = E8709845289BEDBE000DDAC5 /* Charge.swift */; };
		E8709897289BEDBE000DDAC5 /* Token.swift in Sources */ = {isa = PBXBuildFile; fileRef = E8709846289BEDBE000DDAC5 /* Token.swift */; };
		E8709898289BEDBE000DDAC5 /* SavedCard.swift in Sources */ = {isa = PBXBuildFile; fileRef = E8709847289BEDBE000DDAC5 /* SavedCard.swift */; };
		E8709899289BEDBE000DDAC5 /* AmountedCurrency.swift in Sources */ = {isa = PBXBuildFile; fileRef = E8709848289BEDBE000DDAC5 /* AmountedCurrency.swift */; };
		E870989A289BEDBE000DDAC5 /* AuthorizeAction.swift in Sources */ = {isa = PBXBuildFile; fileRef = E8709849289BEDBE000DDAC5 /* AuthorizeAction.swift */; };
		E870989B289BEDBE000DDAC5 /* ExpirationDate.swift in Sources */ = {isa = PBXBuildFile; fileRef = E870984A289BEDBE000DDAC5 /* ExpirationDate.swift */; };
		E870989C289BEDBE000DDAC5 /* Transfer.swift in Sources */ = {isa = PBXBuildFile; fileRef = E870984B289BEDBE000DDAC5 /* Transfer.swift */; };
		E870989D289BEDBE000DDAC5 /* ExtraFee.swift in Sources */ = {isa = PBXBuildFile; fileRef = E870984C289BEDBE000DDAC5 /* ExtraFee.swift */; };
		E87098A2289BEDBE000DDAC5 /* TapBinResponseModel.swift in Sources */ = {isa = PBXBuildFile; fileRef = E8709854289BEDBE000DDAC5 /* TapBinResponseModel.swift */; };
		E87098A3289BEDBE000DDAC5 /* TapPaymentOptionsReponseModel.swift in Sources */ = {isa = PBXBuildFile; fileRef = E8709856289BEDBE000DDAC5 /* TapPaymentOptionsReponseModel.swift */; };
		E87098A4289BEDBE000DDAC5 /* TapPaymentOptionsRequestModel.swift in Sources */ = {isa = PBXBuildFile; fileRef = E8709857289BEDBE000DDAC5 /* TapPaymentOptionsRequestModel.swift */; };
		E87098A5289BEDBE000DDAC5 /* TapDeleteSavedCardResponseModel.swift in Sources */ = {isa = PBXBuildFile; fileRef = E8709859289BEDBE000DDAC5 /* TapDeleteSavedCardResponseModel.swift */; };
		E87098A6289BEDBE000DDAC5 /* TapCreateCardVerificationRequestModel.swift in Sources */ = {isa = PBXBuildFile; fileRef = E870985B289BEDBE000DDAC5 /* TapCreateCardVerificationRequestModel.swift */; };
		E87098A7289BEDBE000DDAC5 /* TapAuthenticationRequest.swift in Sources */ = {isa = PBXBuildFile; fileRef = E870985C289BEDBE000DDAC5 /* TapAuthenticationRequest.swift */; };
		E87098A8289BEDBE000DDAC5 /* TapCreateCardVerificationResponseModel.swift in Sources */ = {isa = PBXBuildFile; fileRef = E870985D289BEDBE000DDAC5 /* TapCreateCardVerificationResponseModel.swift */; };
		E87098A9289BEDBE000DDAC5 /* TapIntentRequestModel.swift in Sources */ = {isa = PBXBuildFile; fileRef = E870985F289BEDBE000DDAC5 /* TapIntentRequestModel.swift */; };
		E87098AA289BEDBE000DDAC5 /* TapInitResponseModel.swift in Sources */ = {isa = PBXBuildFile; fileRef = E8709860289BEDBE000DDAC5 /* TapInitResponseModel.swift */; };
		E87098AB289BEDBE000DDAC5 /* TapChargeRequestModel.swift in Sources */ = {isa = PBXBuildFile; fileRef = E8709862289BEDBE000DDAC5 /* TapChargeRequestModel.swift */; };
		E87098AE289BEDBE000DDAC5 /* TapAuthorizeRequestModel.swift in Sources */ = {isa = PBXBuildFile; fileRef = E8709867289BEDBE000DDAC5 /* TapAuthorizeRequestModel.swift */; };
		E87098AF289BEDBE000DDAC5 /* TapCreateTokenRequest.swift in Sources */ = {isa = PBXBuildFile; fileRef = E870986A289BEDBE000DDAC5 /* TapCreateTokenRequest.swift */; };
		E87098B0289BEDBE000DDAC5 /* TapCreateTokenWithApplePayTokenRequestModel.swift in Sources */ = {isa = PBXBuildFile; fileRef = E870986B289BEDBE000DDAC5 /* TapCreateTokenWithApplePayTokenRequestModel.swift */; };
		E87098B1289BEDBE000DDAC5 /* TapCreateTokenWithSavedCardRequest.swift in Sources */ = {isa = PBXBuildFile; fileRef = E870986C289BEDBE000DDAC5 /* TapCreateTokenWithSavedCardRequest.swift */; };
		E87098B2289BEDBE000DDAC5 /* TapCreateTokenWithCardDataRequest.swift in Sources */ = {isa = PBXBuildFile; fileRef = E870986D289BEDBE000DDAC5 /* TapCreateTokenWithCardDataRequest.swift */; };
		E87098B3289BEDBE000DDAC5 /* TapConfigRequestModel.swift in Sources */ = {isa = PBXBuildFile; fileRef = E870986F289BEDBE000DDAC5 /* TapConfigRequestModel.swift */; };
		E87098B4289BEDBE000DDAC5 /* TapConfigResponseModel.swift in Sources */ = {isa = PBXBuildFile; fileRef = E8709870289BEDBE000DDAC5 /* TapConfigResponseModel.swift */; };
		E87098B5289BEDBE000DDAC5 /* Retrievable.swift in Sources */ = {isa = PBXBuildFile; fileRef = E8709872289BEDBE000DDAC5 /* Retrievable.swift */; };
		E87098B6289BEDBE000DDAC5 /* UtilitiesProtocols.swift in Sources */ = {isa = PBXBuildFile; fileRef = E8709873289BEDBE000DDAC5 /* UtilitiesProtocols.swift */; };
		E87098B7289BEDBE000DDAC5 /* ChargeProtocol.swift in Sources */ = {isa = PBXBuildFile; fileRef = E8709874289BEDBE000DDAC5 /* ChargeProtocol.swift */; };
		E87098B8289BEDBE000DDAC5 /* Authenticatable.swift in Sources */ = {isa = PBXBuildFile; fileRef = E8709875289BEDBE000DDAC5 /* Authenticatable.swift */; };
		E87098B9289BEDBE000DDAC5 /* SecureEncodable.swift in Sources */ = {isa = PBXBuildFile; fileRef = E8709876289BEDBE000DDAC5 /* SecureEncodable.swift */; };
		E87098CE289BEDDC000DDAC5 /* SourcePaymentType.swift in Sources */ = {isa = PBXBuildFile; fileRef = E87098BC289BEDDC000DDAC5 /* SourcePaymentType.swift */; };
		E87098CF289BEDDC000DDAC5 /* TapCheckoutFlipStatus.swift in Sources */ = {isa = PBXBuildFile; fileRef = E87098BD289BEDDC000DDAC5 /* TapCheckoutFlipStatus.swift */; };
		E87098D0289BEDDC000DDAC5 /* URLStatus.swift in Sources */ = {isa = PBXBuildFile; fileRef = E87098BE289BEDDC000DDAC5 /* URLStatus.swift */; };
		E87098D1289BEDDC000DDAC5 /* SourceType.swift in Sources */ = {isa = PBXBuildFile; fileRef = E87098BF289BEDDC000DDAC5 /* SourceType.swift */; };
		E87098D2289BEDDC000DDAC5 /* SDKMode.swift in Sources */ = {isa = PBXBuildFile; fileRef = E87098C0289BEDDC000DDAC5 /* SDKMode.swift */; };
		E87098D3289BEDDC000DDAC5 /* SourceObject.swift in Sources */ = {isa = PBXBuildFile; fileRef = E87098C1289BEDDC000DDAC5 /* SourceObject.swift */; };
		E87098D4289BEDDC000DDAC5 /* ChargeStatus.swift in Sources */ = {isa = PBXBuildFile; fileRef = E87098C2289BEDDC000DDAC5 /* ChargeStatus.swift */; };
		E87098D5289BEDDC000DDAC5 /* AuthenticationRequirer.swift in Sources */ = {isa = PBXBuildFile; fileRef = E87098C3289BEDDC000DDAC5 /* AuthenticationRequirer.swift */; };
		E87098D6289BEDDC000DDAC5 /* CardVerificationStatus.swift in Sources */ = {isa = PBXBuildFile; fileRef = E87098C4289BEDDC000DDAC5 /* CardVerificationStatus.swift */; };
		E87098D7289BEDDC000DDAC5 /* AuthorizeActionStatus.swift in Sources */ = {isa = PBXBuildFile; fileRef = E87098C5289BEDDC000DDAC5 /* AuthorizeActionStatus.swift */; };
		E87098D8289BEDDC000DDAC5 /* AuthenticationStatus.swift in Sources */ = {isa = PBXBuildFile; fileRef = E87098C6289BEDDC000DDAC5 /* AuthenticationStatus.swift */; };
		E87098D9289BEDDC000DDAC5 /* TokenType.swift in Sources */ = {isa = PBXBuildFile; fileRef = E87098C7289BEDDC000DDAC5 /* TokenType.swift */; };
		E87098DA289BEDDC000DDAC5 /* AuthenticationType.swift in Sources */ = {isa = PBXBuildFile; fileRef = E87098C8289BEDDC000DDAC5 /* AuthenticationType.swift */; };
		E87098DB289BEDDC000DDAC5 /* SourceChannel.swift in Sources */ = {isa = PBXBuildFile; fileRef = E87098C9289BEDDC000DDAC5 /* SourceChannel.swift */; };
		E87098DC289BEDDC000DDAC5 /* AddressType.swift in Sources */ = {isa = PBXBuildFile; fileRef = E87098CA289BEDDC000DDAC5 /* AddressType.swift */; };
		E87098DD289BEDDC000DDAC5 /* TapNetworkPath.swift in Sources */ = {isa = PBXBuildFile; fileRef = E87098CC289BEDDC000DDAC5 /* TapNetworkPath.swift */; };
		E87098DE289BEDDC000DDAC5 /* AddressFormat.swift in Sources */ = {isa = PBXBuildFile; fileRef = E87098CD289BEDDC000DDAC5 /* AddressFormat.swift */; };
		E87098E5289BF094000DDAC5 /* InternalSDKSettings.swift in Sources */ = {isa = PBXBuildFile; fileRef = E87098E1289BF094000DDAC5 /* InternalSDKSettings.swift */; };
		E87098E6289BF094000DDAC5 /* ApiErrorModel.swift in Sources */ = {isa = PBXBuildFile; fileRef = E87098E2289BF094000DDAC5 /* ApiErrorModel.swift */; };
		E87098E7289BF094000DDAC5 /* Merchant.swift in Sources */ = {isa = PBXBuildFile; fileRef = E87098E3289BF094000DDAC5 /* Merchant.swift */; };
		E87098E8289BF094000DDAC5 /* Permissions.swift in Sources */ = {isa = PBXBuildFile; fileRef = E87098E4289BF094000DDAC5 /* Permissions.swift */; };
		E87098EF289BF0E5000DDAC5 /* Crypter.swift in Sources */ = {isa = PBXBuildFile; fileRef = E87098EB289BF0E5000DDAC5 /* Crypter.swift */; };
		E87098F0289BF0E5000DDAC5 /* ErrorUtils.swift in Sources */ = {isa = PBXBuildFile; fileRef = E87098EC289BF0E5000DDAC5 /* ErrorUtils.swift */; };
		E87098F2289BF0E5000DDAC5 /* RSAUtils.swift in Sources */ = {isa = PBXBuildFile; fileRef = E87098EE289BF0E5000DDAC5 /* RSAUtils.swift */; };
		E87098F4289BF352000DDAC5 /* NetworkManager.swift in Sources */ = {isa = PBXBuildFile; fileRef = E87098F3289BF352000DDAC5 /* NetworkManager.swift */; };
		E87098F6289BF56E000DDAC5 /* SecretKey.swift in Sources */ = {isa = PBXBuildFile; fileRef = E87098F5289BF56E000DDAC5 /* SecretKey.swift */; };
		E87098F8289BF614000DDAC5 /* TapNetworkSession.swift in Sources */ = {isa = PBXBuildFile; fileRef = E87098F7289BF614000DDAC5 /* TapNetworkSession.swift */; };
		E87D7A6626B49B7500CF001C /* TapLogStackTraceEntryModel.swift in Sources */ = {isa = PBXBuildFile; fileRef = E87D7A6526B49B7500CF001C /* TapLogStackTraceEntryModel.swift */; };
		E88D0E1A24694D96007CA160 /* TapNetworkKit_iOS.h in Headers */ = {isa = PBXBuildFile; fileRef = E88D0E1824694D96007CA160 /* TapNetworkKit_iOS.h */; settings = {ATTRIBUTES = (Public, ); }; };
		E88D0E3424694DE3007CA160 /* TapNetworkManager.swift in Sources */ = {isa = PBXBuildFile; fileRef = E88D0E2224694DE3007CA160 /* TapNetworkManager.swift */; };
		E88D0E3524694DE3007CA160 /* TapNetworkError.swift in Sources */ = {isa = PBXBuildFile; fileRef = E88D0E2324694DE3007CA160 /* TapNetworkError.swift */; };
		E88D0E3624694DE3007CA160 /* TapJSONSerializer.swift in Sources */ = {isa = PBXBuildFile; fileRef = E88D0E2424694DE3007CA160 /* TapJSONSerializer.swift */; };
		E88D0E3724694DE3007CA160 /* TapDecoder.swift in Sources */ = {isa = PBXBuildFile; fileRef = E88D0E2524694DE3007CA160 /* TapDecoder.swift */; };
		E88D0E3824694DE3007CA160 /* TapURLModel.swift in Sources */ = {isa = PBXBuildFile; fileRef = E88D0E2624694DE3007CA160 /* TapURLModel.swift */; };
		E88D0E3924694DE3007CA160 /* TapSerializer.swift in Sources */ = {isa = PBXBuildFile; fileRef = E88D0E2724694DE3007CA160 /* TapSerializer.swift */; };
		E88D0E3A24694DE3007CA160 /* TapSerializationType.swift in Sources */ = {isa = PBXBuildFile; fileRef = E88D0E2824694DE3007CA160 /* TapSerializationType.swift */; };
		E88D0E3B24694DE3007CA160 /* TapURLSerializer.swift in Sources */ = {isa = PBXBuildFile; fileRef = E88D0E2924694DE3007CA160 /* TapURLSerializer.swift */; };
		E88D0E3C24694DE3007CA160 /* TapPropertyListSerializer.swift in Sources */ = {isa = PBXBuildFile; fileRef = E88D0E2A24694DE3007CA160 /* TapPropertyListSerializer.swift */; };
		E88D0E3D24694DE3007CA160 /* TapHTTPMethod.swift in Sources */ = {isa = PBXBuildFile; fileRef = E88D0E2B24694DE3007CA160 /* TapHTTPMethod.swift */; };
		E88D0E3E24694DE3007CA160 /* TapBodyModel.swift in Sources */ = {isa = PBXBuildFile; fileRef = E88D0E2C24694DE3007CA160 /* TapBodyModel.swift */; };
		E88D0E3F24694DE3007CA160 /* TapEncoder.swift in Sources */ = {isa = PBXBuildFile; fileRef = E88D0E2D24694DE3007CA160 /* TapEncoder.swift */; };
		E88D0E4024694DE3007CA160 /* TapNetworkRequestOperation.swift in Sources */ = {isa = PBXBuildFile; fileRef = E88D0E2E24694DE3007CA160 /* TapNetworkRequestOperation.swift */; };
		E88D0E4124694DE3007CA160 /* TapImageLoader.swift in Sources */ = {isa = PBXBuildFile; fileRef = E88D0E3024694DE3007CA160 /* TapImageLoader.swift */; };
		E88D0E4224694DE3007CA160 /* TapNetworkReachabilityStatus.swift in Sources */ = {isa = PBXBuildFile; fileRef = E88D0E3224694DE3007CA160 /* TapNetworkReachabilityStatus.swift */; };
		E88D0E4324694DE3007CA160 /* TapReachabilityManager.swift in Sources */ = {isa = PBXBuildFile; fileRef = E88D0E3324694DE3007CA160 /* TapReachabilityManager.swift */; };
/* End PBXBuildFile section */

/* Begin PBXContainerItemProxy section */
		E82BC0A124DAE9730068773C /* PBXContainerItemProxy */ = {
			isa = PBXContainerItemProxy;
			containerPortal = E88D0E0C24694D96007CA160 /* Project object */;
			proxyType = 1;
			remoteGlobalIDString = E88D0E1424694D96007CA160;
			remoteInfo = "TapNetworkKit-iOS";
		};
/* End PBXContainerItemProxy section */

/* Begin PBXCopyFilesBuildPhase section */
		E82BC09E24DAE9640068773C /* Embed Frameworks */ = {
			isa = PBXCopyFilesBuildPhase;
			buildActionMask = 2147483647;
			dstPath = "";
			dstSubfolderSpec = 10;
			files = (
				E82BC09D24DAE9640068773C /* Pods_TapNetworkKit_iOS.framework in Embed Frameworks */,
			);
			name = "Embed Frameworks";
			runOnlyForDeploymentPostprocessing = 0;
		};
		E82BC0A324DAE9730068773C /* Embed Frameworks */ = {
			isa = PBXCopyFilesBuildPhase;
			buildActionMask = 2147483647;
			dstPath = "";
			dstSubfolderSpec = 10;
			files = (
				E82BC0A824DAE9E50068773C /* TapNetworkKit_iOS.framework in Embed Frameworks */,
			);
			name = "Embed Frameworks";
			runOnlyForDeploymentPostprocessing = 0;
		};
/* End PBXCopyFilesBuildPhase section */

/* Begin PBXFileReference section */
		34DB705691BC3DD41F2024A8 /* Pods_TapNetworkKit_iOS.framework */ = {isa = PBXFileReference; explicitFileType = wrapper.framework; includeInIndex = 0; path = Pods_TapNetworkKit_iOS.framework; sourceTree = BUILT_PRODUCTS_DIR; };
		423B9D349A44D57C9E6DDAA6 /* Pods-TapNetworkKit-iOS.debug.xcconfig */ = {isa = PBXFileReference; includeInIndex = 1; lastKnownFileType = text.xcconfig; name = "Pods-TapNetworkKit-iOS.debug.xcconfig"; path = "Target Support Files/Pods-TapNetworkKit-iOS/Pods-TapNetworkKit-iOS.debug.xcconfig"; sourceTree = "<group>"; };
		620965C924E3EF9A00BD9985 /* TapLogger.swift */ = {isa = PBXFileReference; lastKnownFileType = sourcecode.swift; path = TapLogger.swift; sourceTree = "<group>"; };
		627E3CE324DAB42F00B2E096 /* TapNetworkKit-Example.app */ = {isa = PBXFileReference; explicitFileType = wrapper.application; includeInIndex = 0; path = "TapNetworkKit-Example.app"; sourceTree = BUILT_PRODUCTS_DIR; };
		627E3CE524DAB42F00B2E096 /* AppDelegate.swift */ = {isa = PBXFileReference; lastKnownFileType = sourcecode.swift; path = AppDelegate.swift; sourceTree = "<group>"; };
		627E3CE724DAB42F00B2E096 /* SceneDelegate.swift */ = {isa = PBXFileReference; lastKnownFileType = sourcecode.swift; path = SceneDelegate.swift; sourceTree = "<group>"; };
		627E3CE924DAB42F00B2E096 /* ViewController.swift */ = {isa = PBXFileReference; lastKnownFileType = sourcecode.swift; path = ViewController.swift; sourceTree = "<group>"; };
		627E3CEC24DAB42F00B2E096 /* Base */ = {isa = PBXFileReference; lastKnownFileType = file.storyboard; name = Base; path = Base.lproj/Main.storyboard; sourceTree = "<group>"; };
		627E3CEE24DAB43100B2E096 /* Assets.xcassets */ = {isa = PBXFileReference; lastKnownFileType = folder.assetcatalog; path = Assets.xcassets; sourceTree = "<group>"; };
		627E3CF124DAB43100B2E096 /* Base */ = {isa = PBXFileReference; lastKnownFileType = file.storyboard; name = Base; path = Base.lproj/LaunchScreen.storyboard; sourceTree = "<group>"; };
		627E3CF324DAB43100B2E096 /* Info.plist */ = {isa = PBXFileReference; lastKnownFileType = text.plist.xml; path = Info.plist; sourceTree = "<group>"; };
		627E3CF724DAB80C00B2E096 /* ExampleViewController.swift */ = {isa = PBXFileReference; lastKnownFileType = sourcecode.swift; path = ExampleViewController.swift; sourceTree = "<group>"; };
		62E2966C24DAFB3C000A9310 /* StoreiesResponse.swift */ = {isa = PBXFileReference; lastKnownFileType = sourcecode.swift; path = StoreiesResponse.swift; sourceTree = "<group>"; };
		62E2966E24DB079F000A9310 /* StoriesError.swift */ = {isa = PBXFileReference; lastKnownFileType = sourcecode.swift; path = StoriesError.swift; sourceTree = "<group>"; };
		62E2967024DBFC6B000A9310 /* VoteSuccess.swift */ = {isa = PBXFileReference; lastKnownFileType = sourcecode.swift; path = VoteSuccess.swift; sourceTree = "<group>"; };
		62E2967224DBFD12000A9310 /* TestCaseType.swift */ = {isa = PBXFileReference; lastKnownFileType = sourcecode.swift; path = TestCaseType.swift; sourceTree = "<group>"; };
		687C1A17B6711319F6176B14 /* Pods_TapNetworkKit_Example.framework */ = {isa = PBXFileReference; explicitFileType = wrapper.framework; includeInIndex = 0; path = Pods_TapNetworkKit_Example.framework; sourceTree = BUILT_PRODUCTS_DIR; };
		744A2601AF785B883B709855 /* Pods-TapNetworkKit-iOS.release.xcconfig */ = {isa = PBXFileReference; includeInIndex = 1; lastKnownFileType = text.xcconfig; name = "Pods-TapNetworkKit-iOS.release.xcconfig"; path = "Target Support Files/Pods-TapNetworkKit-iOS/Pods-TapNetworkKit-iOS.release.xcconfig"; sourceTree = "<group>"; };
		8C80EC74200662638F69B803 /* Pods_TapNetworkKit_iOS.framework */ = {isa = PBXFileReference; explicitFileType = wrapper.framework; includeInIndex = 0; path = Pods_TapNetworkKit_iOS.framework; sourceTree = BUILT_PRODUCTS_DIR; };
		985232C696BC691AAED0AE09 /* Pods-TapNetworkKit-Example.release.xcconfig */ = {isa = PBXFileReference; includeInIndex = 1; lastKnownFileType = text.xcconfig; name = "Pods-TapNetworkKit-Example.release.xcconfig"; path = "Target Support Files/Pods-TapNetworkKit-Example/Pods-TapNetworkKit-Example.release.xcconfig"; sourceTree = "<group>"; };
		A6EFEC15AAC3F76FCEAD23EC /* Pods-TapNetworkKit-Example.debug.xcconfig */ = {isa = PBXFileReference; includeInIndex = 1; lastKnownFileType = text.xcconfig; name = "Pods-TapNetworkKit-Example.debug.xcconfig"; path = "Target Support Files/Pods-TapNetworkKit-Example/Pods-TapNetworkKit-Example.debug.xcconfig"; sourceTree = "<group>"; };
		E870982A289BEDBE000DDAC5 /* SourceRequest.swift */ = {isa = PBXFileReference; fileEncoding = 4; lastKnownFileType = sourcecode.swift; path = SourceRequest.swift; sourceTree = "<group>"; };
		E870982B289BEDBE000DDAC5 /* Source.swift */ = {isa = PBXFileReference; fileEncoding = 4; lastKnownFileType = sourcecode.swift; path = Source.swift; sourceTree = "<group>"; };
		E870982C289BEDBE000DDAC5 /* Reference.swift */ = {isa = PBXFileReference; fileEncoding = 4; lastKnownFileType = sourcecode.swift; path = Reference.swift; sourceTree = "<group>"; };
		E870982D289BEDBE000DDAC5 /* Authentication.swift */ = {isa = PBXFileReference; fileEncoding = 4; lastKnownFileType = sourcecode.swift; path = Authentication.swift; sourceTree = "<group>"; };
		E870982E289BEDBE000DDAC5 /* Gateway.swift */ = {isa = PBXFileReference; fileEncoding = 4; lastKnownFileType = sourcecode.swift; path = Gateway.swift; sourceTree = "<group>"; };
		E870982F289BEDBE000DDAC5 /* Address.swift */ = {isa = PBXFileReference; fileEncoding = 4; lastKnownFileType = sourcecode.swift; path = Address.swift; sourceTree = "<group>"; };
		E8709830289BEDBE000DDAC5 /* CardScheme.swift */ = {isa = PBXFileReference; fileEncoding = 4; lastKnownFileType = sourcecode.swift; path = CardScheme.swift; sourceTree = "<group>"; };
		E8709831289BEDBE000DDAC5 /* TransactionExpiry.swift */ = {isa = PBXFileReference; fileEncoding = 4; lastKnownFileType = sourcecode.swift; path = TransactionExpiry.swift; sourceTree = "<group>"; };
		E8709832289BEDBE000DDAC5 /* Order.swift */ = {isa = PBXFileReference; fileEncoding = 4; lastKnownFileType = sourcecode.swift; path = Order.swift; sourceTree = "<group>"; };
		E8709833289BEDBE000DDAC5 /* TapCustomer.swift */ = {isa = PBXFileReference; fileEncoding = 4; lastKnownFileType = sourcecode.swift; path = TapCustomer.swift; sourceTree = "<group>"; };
		E8709834289BEDBE000DDAC5 /* CreateTokenSavedCard.swift */ = {isa = PBXFileReference; fileEncoding = 4; lastKnownFileType = sourcecode.swift; path = CreateTokenSavedCard.swift; sourceTree = "<group>"; };
		E8709835289BEDBE000DDAC5 /* Config.swift */ = {isa = PBXFileReference; fileEncoding = 4; lastKnownFileType = sourcecode.swift; path = Config.swift; sourceTree = "<group>"; };
		E8709836289BEDBE000DDAC5 /* AuthorizeActionResponse.swift */ = {isa = PBXFileReference; fileEncoding = 4; lastKnownFileType = sourcecode.swift; path = AuthorizeActionResponse.swift; sourceTree = "<group>"; };
		E8709837289BEDBE000DDAC5 /* TransactionOrder.swift */ = {isa = PBXFileReference; fileEncoding = 4; lastKnownFileType = sourcecode.swift; path = TransactionOrder.swift; sourceTree = "<group>"; };
		E8709838289BEDBE000DDAC5 /* Receipt.swift */ = {isa = PBXFileReference; fileEncoding = 4; lastKnownFileType = sourcecode.swift; path = Receipt.swift; sourceTree = "<group>"; };
		E8709839289BEDBE000DDAC5 /* Acquirer.swift */ = {isa = PBXFileReference; fileEncoding = 4; lastKnownFileType = sourcecode.swift; path = Acquirer.swift; sourceTree = "<group>"; };
		E870983A289BEDBE000DDAC5 /* CreateTokenCard.swift */ = {isa = PBXFileReference; fileEncoding = 4; lastKnownFileType = sourcecode.swift; path = CreateTokenCard.swift; sourceTree = "<group>"; };
		E870983B289BEDBE000DDAC5 /* Response.swift */ = {isa = PBXFileReference; fileEncoding = 4; lastKnownFileType = sourcecode.swift; path = Response.swift; sourceTree = "<group>"; };
		E870983C289BEDBE000DDAC5 /* Country.swift */ = {isa = PBXFileReference; fileEncoding = 4; lastKnownFileType = sourcecode.swift; path = Country.swift; sourceTree = "<group>"; };
		E870983D289BEDBE000DDAC5 /* TapPaymentOption.swift */ = {isa = PBXFileReference; fileEncoding = 4; lastKnownFileType = sourcecode.swift; path = TapPaymentOption.swift; sourceTree = "<group>"; };
		E870983E289BEDBE000DDAC5 /* TokenizedCard.swift */ = {isa = PBXFileReference; fileEncoding = 4; lastKnownFileType = sourcecode.swift; path = TokenizedCard.swift; sourceTree = "<group>"; };
		E870983F289BEDBE000DDAC5 /* TapLoggingModel.swift */ = {isa = PBXFileReference; fileEncoding = 4; lastKnownFileType = sourcecode.swift; path = TapLoggingModel.swift; sourceTree = "<group>"; };
		E8709840289BEDBE000DDAC5 /* TransactionDetails.swift */ = {isa = PBXFileReference; fileEncoding = 4; lastKnownFileType = sourcecode.swift; path = TransactionDetails.swift; sourceTree = "<group>"; };
		E8709841289BEDBE000DDAC5 /* DestinationGroup.swift */ = {isa = PBXFileReference; fileEncoding = 4; lastKnownFileType = sourcecode.swift; path = DestinationGroup.swift; sourceTree = "<group>"; };
		E8709842289BEDBE000DDAC5 /* Authorize.swift */ = {isa = PBXFileReference; fileEncoding = 4; lastKnownFileType = sourcecode.swift; path = Authorize.swift; sourceTree = "<group>"; };
		E8709843289BEDBE000DDAC5 /* TrackingURL.swift */ = {isa = PBXFileReference; fileEncoding = 4; lastKnownFileType = sourcecode.swift; path = TrackingURL.swift; sourceTree = "<group>"; };
		E8709844289BEDBE000DDAC5 /* Destination.swift */ = {isa = PBXFileReference; fileEncoding = 4; lastKnownFileType = sourcecode.swift; path = Destination.swift; sourceTree = "<group>"; };
		E8709845289BEDBE000DDAC5 /* Charge.swift */ = {isa = PBXFileReference; fileEncoding = 4; lastKnownFileType = sourcecode.swift; path = Charge.swift; sourceTree = "<group>"; };
		E8709846289BEDBE000DDAC5 /* Token.swift */ = {isa = PBXFileReference; fileEncoding = 4; lastKnownFileType = sourcecode.swift; path = Token.swift; sourceTree = "<group>"; };
		E8709847289BEDBE000DDAC5 /* SavedCard.swift */ = {isa = PBXFileReference; fileEncoding = 4; lastKnownFileType = sourcecode.swift; path = SavedCard.swift; sourceTree = "<group>"; };
		E8709848289BEDBE000DDAC5 /* AmountedCurrency.swift */ = {isa = PBXFileReference; fileEncoding = 4; lastKnownFileType = sourcecode.swift; path = AmountedCurrency.swift; sourceTree = "<group>"; };
		E8709849289BEDBE000DDAC5 /* AuthorizeAction.swift */ = {isa = PBXFileReference; fileEncoding = 4; lastKnownFileType = sourcecode.swift; path = AuthorizeAction.swift; sourceTree = "<group>"; };
		E870984A289BEDBE000DDAC5 /* ExpirationDate.swift */ = {isa = PBXFileReference; fileEncoding = 4; lastKnownFileType = sourcecode.swift; path = ExpirationDate.swift; sourceTree = "<group>"; };
		E870984B289BEDBE000DDAC5 /* Transfer.swift */ = {isa = PBXFileReference; fileEncoding = 4; lastKnownFileType = sourcecode.swift; path = Transfer.swift; sourceTree = "<group>"; };
		E870984C289BEDBE000DDAC5 /* ExtraFee.swift */ = {isa = PBXFileReference; fileEncoding = 4; lastKnownFileType = sourcecode.swift; path = ExtraFee.swift; sourceTree = "<group>"; };
		E8709854289BEDBE000DDAC5 /* TapBinResponseModel.swift */ = {isa = PBXFileReference; fileEncoding = 4; lastKnownFileType = sourcecode.swift; path = TapBinResponseModel.swift; sourceTree = "<group>"; };
		E8709856289BEDBE000DDAC5 /* TapPaymentOptionsReponseModel.swift */ = {isa = PBXFileReference; fileEncoding = 4; lastKnownFileType = sourcecode.swift; path = TapPaymentOptionsReponseModel.swift; sourceTree = "<group>"; };
		E8709857289BEDBE000DDAC5 /* TapPaymentOptionsRequestModel.swift */ = {isa = PBXFileReference; fileEncoding = 4; lastKnownFileType = sourcecode.swift; path = TapPaymentOptionsRequestModel.swift; sourceTree = "<group>"; };
		E8709859289BEDBE000DDAC5 /* TapDeleteSavedCardResponseModel.swift */ = {isa = PBXFileReference; fileEncoding = 4; lastKnownFileType = sourcecode.swift; path = TapDeleteSavedCardResponseModel.swift; sourceTree = "<group>"; };
		E870985B289BEDBE000DDAC5 /* TapCreateCardVerificationRequestModel.swift */ = {isa = PBXFileReference; fileEncoding = 4; lastKnownFileType = sourcecode.swift; path = TapCreateCardVerificationRequestModel.swift; sourceTree = "<group>"; };
		E870985C289BEDBE000DDAC5 /* TapAuthenticationRequest.swift */ = {isa = PBXFileReference; fileEncoding = 4; lastKnownFileType = sourcecode.swift; path = TapAuthenticationRequest.swift; sourceTree = "<group>"; };
		E870985D289BEDBE000DDAC5 /* TapCreateCardVerificationResponseModel.swift */ = {isa = PBXFileReference; fileEncoding = 4; lastKnownFileType = sourcecode.swift; path = TapCreateCardVerificationResponseModel.swift; sourceTree = "<group>"; };
		E870985F289BEDBE000DDAC5 /* TapIntentRequestModel.swift */ = {isa = PBXFileReference; fileEncoding = 4; lastKnownFileType = sourcecode.swift; path = TapIntentRequestModel.swift; sourceTree = "<group>"; };
		E8709860289BEDBE000DDAC5 /* TapInitResponseModel.swift */ = {isa = PBXFileReference; fileEncoding = 4; lastKnownFileType = sourcecode.swift; path = TapInitResponseModel.swift; sourceTree = "<group>"; };
		E8709862289BEDBE000DDAC5 /* TapChargeRequestModel.swift */ = {isa = PBXFileReference; fileEncoding = 4; lastKnownFileType = sourcecode.swift; path = TapChargeRequestModel.swift; sourceTree = "<group>"; };
		E8709867289BEDBE000DDAC5 /* TapAuthorizeRequestModel.swift */ = {isa = PBXFileReference; fileEncoding = 4; lastKnownFileType = sourcecode.swift; path = TapAuthorizeRequestModel.swift; sourceTree = "<group>"; };
		E870986A289BEDBE000DDAC5 /* TapCreateTokenRequest.swift */ = {isa = PBXFileReference; fileEncoding = 4; lastKnownFileType = sourcecode.swift; path = TapCreateTokenRequest.swift; sourceTree = "<group>"; };
		E870986B289BEDBE000DDAC5 /* TapCreateTokenWithApplePayTokenRequestModel.swift */ = {isa = PBXFileReference; fileEncoding = 4; lastKnownFileType = sourcecode.swift; path = TapCreateTokenWithApplePayTokenRequestModel.swift; sourceTree = "<group>"; };
		E870986C289BEDBE000DDAC5 /* TapCreateTokenWithSavedCardRequest.swift */ = {isa = PBXFileReference; fileEncoding = 4; lastKnownFileType = sourcecode.swift; path = TapCreateTokenWithSavedCardRequest.swift; sourceTree = "<group>"; };
		E870986D289BEDBE000DDAC5 /* TapCreateTokenWithCardDataRequest.swift */ = {isa = PBXFileReference; fileEncoding = 4; lastKnownFileType = sourcecode.swift; path = TapCreateTokenWithCardDataRequest.swift; sourceTree = "<group>"; };
		E870986F289BEDBE000DDAC5 /* TapConfigRequestModel.swift */ = {isa = PBXFileReference; fileEncoding = 4; lastKnownFileType = sourcecode.swift; path = TapConfigRequestModel.swift; sourceTree = "<group>"; };
		E8709870289BEDBE000DDAC5 /* TapConfigResponseModel.swift */ = {isa = PBXFileReference; fileEncoding = 4; lastKnownFileType = sourcecode.swift; path = TapConfigResponseModel.swift; sourceTree = "<group>"; };
		E8709872289BEDBE000DDAC5 /* Retrievable.swift */ = {isa = PBXFileReference; fileEncoding = 4; lastKnownFileType = sourcecode.swift; path = Retrievable.swift; sourceTree = "<group>"; };
		E8709873289BEDBE000DDAC5 /* UtilitiesProtocols.swift */ = {isa = PBXFileReference; fileEncoding = 4; lastKnownFileType = sourcecode.swift; path = UtilitiesProtocols.swift; sourceTree = "<group>"; };
		E8709874289BEDBE000DDAC5 /* ChargeProtocol.swift */ = {isa = PBXFileReference; fileEncoding = 4; lastKnownFileType = sourcecode.swift; path = ChargeProtocol.swift; sourceTree = "<group>"; };
		E8709875289BEDBE000DDAC5 /* Authenticatable.swift */ = {isa = PBXFileReference; fileEncoding = 4; lastKnownFileType = sourcecode.swift; path = Authenticatable.swift; sourceTree = "<group>"; };
		E8709876289BEDBE000DDAC5 /* SecureEncodable.swift */ = {isa = PBXFileReference; fileEncoding = 4; lastKnownFileType = sourcecode.swift; path = SecureEncodable.swift; sourceTree = "<group>"; };
		E87098BC289BEDDC000DDAC5 /* SourcePaymentType.swift */ = {isa = PBXFileReference; fileEncoding = 4; lastKnownFileType = sourcecode.swift; path = SourcePaymentType.swift; sourceTree = "<group>"; };
		E87098BD289BEDDC000DDAC5 /* TapCheckoutFlipStatus.swift */ = {isa = PBXFileReference; fileEncoding = 4; lastKnownFileType = sourcecode.swift; path = TapCheckoutFlipStatus.swift; sourceTree = "<group>"; };
		E87098BE289BEDDC000DDAC5 /* URLStatus.swift */ = {isa = PBXFileReference; fileEncoding = 4; lastKnownFileType = sourcecode.swift; path = URLStatus.swift; sourceTree = "<group>"; };
		E87098BF289BEDDC000DDAC5 /* SourceType.swift */ = {isa = PBXFileReference; fileEncoding = 4; lastKnownFileType = sourcecode.swift; path = SourceType.swift; sourceTree = "<group>"; };
		E87098C0289BEDDC000DDAC5 /* SDKMode.swift */ = {isa = PBXFileReference; fileEncoding = 4; lastKnownFileType = sourcecode.swift; path = SDKMode.swift; sourceTree = "<group>"; };
		E87098C1289BEDDC000DDAC5 /* SourceObject.swift */ = {isa = PBXFileReference; fileEncoding = 4; lastKnownFileType = sourcecode.swift; path = SourceObject.swift; sourceTree = "<group>"; };
		E87098C2289BEDDC000DDAC5 /* ChargeStatus.swift */ = {isa = PBXFileReference; fileEncoding = 4; lastKnownFileType = sourcecode.swift; path = ChargeStatus.swift; sourceTree = "<group>"; };
		E87098C3289BEDDC000DDAC5 /* AuthenticationRequirer.swift */ = {isa = PBXFileReference; fileEncoding = 4; lastKnownFileType = sourcecode.swift; path = AuthenticationRequirer.swift; sourceTree = "<group>"; };
		E87098C4289BEDDC000DDAC5 /* CardVerificationStatus.swift */ = {isa = PBXFileReference; fileEncoding = 4; lastKnownFileType = sourcecode.swift; path = CardVerificationStatus.swift; sourceTree = "<group>"; };
		E87098C5289BEDDC000DDAC5 /* AuthorizeActionStatus.swift */ = {isa = PBXFileReference; fileEncoding = 4; lastKnownFileType = sourcecode.swift; path = AuthorizeActionStatus.swift; sourceTree = "<group>"; };
		E87098C6289BEDDC000DDAC5 /* AuthenticationStatus.swift */ = {isa = PBXFileReference; fileEncoding = 4; lastKnownFileType = sourcecode.swift; path = AuthenticationStatus.swift; sourceTree = "<group>"; };
		E87098C7289BEDDC000DDAC5 /* TokenType.swift */ = {isa = PBXFileReference; fileEncoding = 4; lastKnownFileType = sourcecode.swift; path = TokenType.swift; sourceTree = "<group>"; };
		E87098C8289BEDDC000DDAC5 /* AuthenticationType.swift */ = {isa = PBXFileReference; fileEncoding = 4; lastKnownFileType = sourcecode.swift; path = AuthenticationType.swift; sourceTree = "<group>"; };
		E87098C9289BEDDC000DDAC5 /* SourceChannel.swift */ = {isa = PBXFileReference; fileEncoding = 4; lastKnownFileType = sourcecode.swift; path = SourceChannel.swift; sourceTree = "<group>"; };
		E87098CA289BEDDC000DDAC5 /* AddressType.swift */ = {isa = PBXFileReference; fileEncoding = 4; lastKnownFileType = sourcecode.swift; path = AddressType.swift; sourceTree = "<group>"; };
		E87098CC289BEDDC000DDAC5 /* TapNetworkPath.swift */ = {isa = PBXFileReference; fileEncoding = 4; lastKnownFileType = sourcecode.swift; path = TapNetworkPath.swift; sourceTree = "<group>"; };
		E87098CD289BEDDC000DDAC5 /* AddressFormat.swift */ = {isa = PBXFileReference; fileEncoding = 4; lastKnownFileType = sourcecode.swift; path = AddressFormat.swift; sourceTree = "<group>"; };
		E87098E1289BF094000DDAC5 /* InternalSDKSettings.swift */ = {isa = PBXFileReference; fileEncoding = 4; lastKnownFileType = sourcecode.swift; path = InternalSDKSettings.swift; sourceTree = "<group>"; };
		E87098E2289BF094000DDAC5 /* ApiErrorModel.swift */ = {isa = PBXFileReference; fileEncoding = 4; lastKnownFileType = sourcecode.swift; path = ApiErrorModel.swift; sourceTree = "<group>"; };
		E87098E3289BF094000DDAC5 /* Merchant.swift */ = {isa = PBXFileReference; fileEncoding = 4; lastKnownFileType = sourcecode.swift; path = Merchant.swift; sourceTree = "<group>"; };
		E87098E4289BF094000DDAC5 /* Permissions.swift */ = {isa = PBXFileReference; fileEncoding = 4; lastKnownFileType = sourcecode.swift; path = Permissions.swift; sourceTree = "<group>"; };
		E87098EB289BF0E5000DDAC5 /* Crypter.swift */ = {isa = PBXFileReference; fileEncoding = 4; lastKnownFileType = sourcecode.swift; path = Crypter.swift; sourceTree = "<group>"; };
		E87098EC289BF0E5000DDAC5 /* ErrorUtils.swift */ = {isa = PBXFileReference; fileEncoding = 4; lastKnownFileType = sourcecode.swift; path = ErrorUtils.swift; sourceTree = "<group>"; };
		E87098EE289BF0E5000DDAC5 /* RSAUtils.swift */ = {isa = PBXFileReference; fileEncoding = 4; lastKnownFileType = sourcecode.swift; path = RSAUtils.swift; sourceTree = "<group>"; };
		E87098F3289BF352000DDAC5 /* NetworkManager.swift */ = {isa = PBXFileReference; fileEncoding = 4; lastKnownFileType = sourcecode.swift; path = NetworkManager.swift; sourceTree = "<group>"; };
		E87098F5289BF56E000DDAC5 /* SecretKey.swift */ = {isa = PBXFileReference; fileEncoding = 4; lastKnownFileType = sourcecode.swift; path = SecretKey.swift; sourceTree = "<group>"; };
		E87098F7289BF614000DDAC5 /* TapNetworkSession.swift */ = {isa = PBXFileReference; lastKnownFileType = sourcecode.swift; path = TapNetworkSession.swift; sourceTree = "<group>"; };
		E87D7A6526B49B7500CF001C /* TapLogStackTraceEntryModel.swift */ = {isa = PBXFileReference; lastKnownFileType = sourcecode.swift; path = TapLogStackTraceEntryModel.swift; sourceTree = "<group>"; };
		E88D0E1524694D96007CA160 /* TapNetworkKit_iOS.framework */ = {isa = PBXFileReference; explicitFileType = wrapper.framework; includeInIndex = 0; path = TapNetworkKit_iOS.framework; sourceTree = BUILT_PRODUCTS_DIR; };
		E88D0E1824694D96007CA160 /* TapNetworkKit_iOS.h */ = {isa = PBXFileReference; lastKnownFileType = sourcecode.c.h; path = TapNetworkKit_iOS.h; sourceTree = "<group>"; };
		E88D0E1924694D96007CA160 /* Info.plist */ = {isa = PBXFileReference; lastKnownFileType = text.plist.xml; path = Info.plist; sourceTree = "<group>"; };
		E88D0E2224694DE3007CA160 /* TapNetworkManager.swift */ = {isa = PBXFileReference; fileEncoding = 4; lastKnownFileType = sourcecode.swift; path = TapNetworkManager.swift; sourceTree = "<group>"; };
		E88D0E2324694DE3007CA160 /* TapNetworkError.swift */ = {isa = PBXFileReference; fileEncoding = 4; lastKnownFileType = sourcecode.swift; path = TapNetworkError.swift; sourceTree = "<group>"; };
		E88D0E2424694DE3007CA160 /* TapJSONSerializer.swift */ = {isa = PBXFileReference; fileEncoding = 4; lastKnownFileType = sourcecode.swift; path = TapJSONSerializer.swift; sourceTree = "<group>"; };
		E88D0E2524694DE3007CA160 /* TapDecoder.swift */ = {isa = PBXFileReference; fileEncoding = 4; lastKnownFileType = sourcecode.swift; path = TapDecoder.swift; sourceTree = "<group>"; };
		E88D0E2624694DE3007CA160 /* TapURLModel.swift */ = {isa = PBXFileReference; fileEncoding = 4; lastKnownFileType = sourcecode.swift; path = TapURLModel.swift; sourceTree = "<group>"; };
		E88D0E2724694DE3007CA160 /* TapSerializer.swift */ = {isa = PBXFileReference; fileEncoding = 4; lastKnownFileType = sourcecode.swift; path = TapSerializer.swift; sourceTree = "<group>"; };
		E88D0E2824694DE3007CA160 /* TapSerializationType.swift */ = {isa = PBXFileReference; fileEncoding = 4; lastKnownFileType = sourcecode.swift; path = TapSerializationType.swift; sourceTree = "<group>"; };
		E88D0E2924694DE3007CA160 /* TapURLSerializer.swift */ = {isa = PBXFileReference; fileEncoding = 4; lastKnownFileType = sourcecode.swift; path = TapURLSerializer.swift; sourceTree = "<group>"; };
		E88D0E2A24694DE3007CA160 /* TapPropertyListSerializer.swift */ = {isa = PBXFileReference; fileEncoding = 4; lastKnownFileType = sourcecode.swift; path = TapPropertyListSerializer.swift; sourceTree = "<group>"; };
		E88D0E2B24694DE3007CA160 /* TapHTTPMethod.swift */ = {isa = PBXFileReference; fileEncoding = 4; lastKnownFileType = sourcecode.swift; path = TapHTTPMethod.swift; sourceTree = "<group>"; };
		E88D0E2C24694DE3007CA160 /* TapBodyModel.swift */ = {isa = PBXFileReference; fileEncoding = 4; lastKnownFileType = sourcecode.swift; path = TapBodyModel.swift; sourceTree = "<group>"; };
		E88D0E2D24694DE3007CA160 /* TapEncoder.swift */ = {isa = PBXFileReference; fileEncoding = 4; lastKnownFileType = sourcecode.swift; path = TapEncoder.swift; sourceTree = "<group>"; };
		E88D0E2E24694DE3007CA160 /* TapNetworkRequestOperation.swift */ = {isa = PBXFileReference; fileEncoding = 4; lastKnownFileType = sourcecode.swift; path = TapNetworkRequestOperation.swift; sourceTree = "<group>"; };
		E88D0E3024694DE3007CA160 /* TapImageLoader.swift */ = {isa = PBXFileReference; fileEncoding = 4; lastKnownFileType = sourcecode.swift; path = TapImageLoader.swift; sourceTree = "<group>"; };
		E88D0E3224694DE3007CA160 /* TapNetworkReachabilityStatus.swift */ = {isa = PBXFileReference; fileEncoding = 4; lastKnownFileType = sourcecode.swift; path = TapNetworkReachabilityStatus.swift; sourceTree = "<group>"; };
		E88D0E3324694DE3007CA160 /* TapReachabilityManager.swift */ = {isa = PBXFileReference; fileEncoding = 4; lastKnownFileType = sourcecode.swift; path = TapReachabilityManager.swift; sourceTree = "<group>"; };
/* End PBXFileReference section */

/* Begin PBXFrameworksBuildPhase section */
		627E3CE024DAB42F00B2E096 /* Frameworks */ = {
			isa = PBXFrameworksBuildPhase;
			buildActionMask = 2147483647;
			files = (
				E82BC0A724DAE9E50068773C /* TapNetworkKit_iOS.framework in Frameworks */,
				43DEA8AE98EF802DEB2748D0 /* Pods_TapNetworkKit_Example.framework in Frameworks */,
			);
			runOnlyForDeploymentPostprocessing = 0;
		};
		E88D0E1224694D96007CA160 /* Frameworks */ = {
			isa = PBXFrameworksBuildPhase;
			buildActionMask = 2147483647;
			files = (
				9F1714E8AC6629BFF1F04927 /* Pods_TapNetworkKit_iOS.framework in Frameworks */,
			);
			runOnlyForDeploymentPostprocessing = 0;
		};
/* End PBXFrameworksBuildPhase section */

/* Begin PBXGroup section */
		3BEE6364A333298E2A967C87 /* Pods */ = {
			isa = PBXGroup;
			children = (
				423B9D349A44D57C9E6DDAA6 /* Pods-TapNetworkKit-iOS.debug.xcconfig */,
				744A2601AF785B883B709855 /* Pods-TapNetworkKit-iOS.release.xcconfig */,
				A6EFEC15AAC3F76FCEAD23EC /* Pods-TapNetworkKit-Example.debug.xcconfig */,
				985232C696BC691AAED0AE09 /* Pods-TapNetworkKit-Example.release.xcconfig */,
			);
			path = Pods;
			sourceTree = "<group>";
		};
		620965C824E3EF8500BD9985 /* Logger */ = {
			isa = PBXGroup;
			children = (
				620965C924E3EF9A00BD9985 /* TapLogger.swift */,
				E87D7A6526B49B7500CF001C /* TapLogStackTraceEntryModel.swift */,
			);
			path = Logger;
			sourceTree = "<group>";
		};
		627E3CE424DAB42F00B2E096 /* TapNetworkKit-Example */ = {
			isa = PBXGroup;
			children = (
				62E2966B24DAFB2C000A9310 /* Models */,
				627E3CE524DAB42F00B2E096 /* AppDelegate.swift */,
				627E3CE724DAB42F00B2E096 /* SceneDelegate.swift */,
				627E3CE924DAB42F00B2E096 /* ViewController.swift */,
				627E3CF724DAB80C00B2E096 /* ExampleViewController.swift */,
				627E3CEB24DAB42F00B2E096 /* Main.storyboard */,
				627E3CEE24DAB43100B2E096 /* Assets.xcassets */,
				627E3CF024DAB43100B2E096 /* LaunchScreen.storyboard */,
				627E3CF324DAB43100B2E096 /* Info.plist */,
			);
			path = "TapNetworkKit-Example";
			sourceTree = "<group>";
		};
		62E2966B24DAFB2C000A9310 /* Models */ = {
			isa = PBXGroup;
			children = (
				62E2966C24DAFB3C000A9310 /* StoreiesResponse.swift */,
				62E2966E24DB079F000A9310 /* StoriesError.swift */,
				62E2967024DBFC6B000A9310 /* VoteSuccess.swift */,
				62E2967224DBFD12000A9310 /* TestCaseType.swift */,
			);
			path = Models;
			sourceTree = "<group>";
		};
		C47AE4107FE9768AE6F4D112 /* Frameworks */ = {
			isa = PBXGroup;
			children = (
				34DB705691BC3DD41F2024A8 /* Pods_TapNetworkKit_iOS.framework */,
				687C1A17B6711319F6176B14 /* Pods_TapNetworkKit_Example.framework */,
			);
			name = Frameworks;
			sourceTree = "<group>";
		};
		E8709823289BEDAE000DDAC5 /* ApiCalls */ = {
			isa = PBXGroup;
			children = (
				E87098E9289BF0E5000DDAC5 /* Utils */,
				E87098BA289BEDDC000DDAC5 /* Enums */,
				E8709824289BEDBE000DDAC5 /* Models */,
				E8709871289BEDBE000DDAC5 /* Protocols */,
			);
			path = ApiCalls;
			sourceTree = "<group>";
		};
		E8709824289BEDBE000DDAC5 /* Models */ = {
			isa = PBXGroup;
			children = (
				E8709829289BEDBE000DDAC5 /* SharedModels */,
				E8709852289BEDBE000DDAC5 /* APIRequests */,
			);
			path = Models;
			sourceTree = "<group>";
		};
		E8709829289BEDBE000DDAC5 /* SharedModels */ = {
			isa = PBXGroup;
			children = (
				E87098F5289BF56E000DDAC5 /* SecretKey.swift */,
				E87098E2289BF094000DDAC5 /* ApiErrorModel.swift */,
				E87098E1289BF094000DDAC5 /* InternalSDKSettings.swift */,
				E87098E3289BF094000DDAC5 /* Merchant.swift */,
				E87098E4289BF094000DDAC5 /* Permissions.swift */,
				E870982A289BEDBE000DDAC5 /* SourceRequest.swift */,
				E870982B289BEDBE000DDAC5 /* Source.swift */,
				E870982C289BEDBE000DDAC5 /* Reference.swift */,
				E870982D289BEDBE000DDAC5 /* Authentication.swift */,
				E870982E289BEDBE000DDAC5 /* Gateway.swift */,
				E870982F289BEDBE000DDAC5 /* Address.swift */,
				E8709830289BEDBE000DDAC5 /* CardScheme.swift */,
				E8709831289BEDBE000DDAC5 /* TransactionExpiry.swift */,
				E8709832289BEDBE000DDAC5 /* Order.swift */,
				E8709833289BEDBE000DDAC5 /* TapCustomer.swift */,
				E8709834289BEDBE000DDAC5 /* CreateTokenSavedCard.swift */,
				E8709835289BEDBE000DDAC5 /* Config.swift */,
				E8709836289BEDBE000DDAC5 /* AuthorizeActionResponse.swift */,
				E8709837289BEDBE000DDAC5 /* TransactionOrder.swift */,
				E8709838289BEDBE000DDAC5 /* Receipt.swift */,
				E8709839289BEDBE000DDAC5 /* Acquirer.swift */,
				E870983A289BEDBE000DDAC5 /* CreateTokenCard.swift */,
				E870983B289BEDBE000DDAC5 /* Response.swift */,
				E870983C289BEDBE000DDAC5 /* Country.swift */,
				E870983D289BEDBE000DDAC5 /* TapPaymentOption.swift */,
				E870983E289BEDBE000DDAC5 /* TokenizedCard.swift */,
				E870983F289BEDBE000DDAC5 /* TapLoggingModel.swift */,
				E8709840289BEDBE000DDAC5 /* TransactionDetails.swift */,
				E8709841289BEDBE000DDAC5 /* DestinationGroup.swift */,
				E8709842289BEDBE000DDAC5 /* Authorize.swift */,
				E8709843289BEDBE000DDAC5 /* TrackingURL.swift */,
				E8709844289BEDBE000DDAC5 /* Destination.swift */,
				E8709845289BEDBE000DDAC5 /* Charge.swift */,
				E8709846289BEDBE000DDAC5 /* Token.swift */,
				E8709847289BEDBE000DDAC5 /* SavedCard.swift */,
				E8709848289BEDBE000DDAC5 /* AmountedCurrency.swift */,
				E8709849289BEDBE000DDAC5 /* AuthorizeAction.swift */,
				E870984A289BEDBE000DDAC5 /* ExpirationDate.swift */,
				E870984B289BEDBE000DDAC5 /* Transfer.swift */,
				E870984C289BEDBE000DDAC5 /* ExtraFee.swift */,
			);
			path = SharedModels;
			sourceTree = "<group>";
		};
		E8709852289BEDBE000DDAC5 /* APIRequests */ = {
			isa = PBXGroup;
			children = (
				E8709853289BEDBE000DDAC5 /* TapBinRequest */,
				E8709855289BEDBE000DDAC5 /* TapPaymentOptionsRequest */,
				E8709858289BEDBE000DDAC5 /* TapDeleteSavedCardRequest */,
				E870985A289BEDBE000DDAC5 /* TapCardVerifyRequest */,
				E870985E289BEDBE000DDAC5 /* TapInitRequest */,
				E8709861289BEDBE000DDAC5 /* TapChargeRequest */,
				E8709866289BEDBE000DDAC5 /* TapAuthorizeRequestModel */,
				E8709868289BEDBE000DDAC5 /* GoPay */,
				E8709869289BEDBE000DDAC5 /* TapTokenRequest */,
				E870986E289BEDBE000DDAC5 /* TapConfigRequest */,
			);
			path = APIRequests;
			sourceTree = "<group>";
		};
		E8709853289BEDBE000DDAC5 /* TapBinRequest */ = {
			isa = PBXGroup;
			children = (
				E8709854289BEDBE000DDAC5 /* TapBinResponseModel.swift */,
			);
			path = TapBinRequest;
			sourceTree = "<group>";
		};
		E8709855289BEDBE000DDAC5 /* TapPaymentOptionsRequest */ = {
			isa = PBXGroup;
			children = (
				E8709856289BEDBE000DDAC5 /* TapPaymentOptionsReponseModel.swift */,
				E8709857289BEDBE000DDAC5 /* TapPaymentOptionsRequestModel.swift */,
			);
			path = TapPaymentOptionsRequest;
			sourceTree = "<group>";
		};
		E8709858289BEDBE000DDAC5 /* TapDeleteSavedCardRequest */ = {
			isa = PBXGroup;
			children = (
				E8709859289BEDBE000DDAC5 /* TapDeleteSavedCardResponseModel.swift */,
			);
			path = TapDeleteSavedCardRequest;
			sourceTree = "<group>";
		};
		E870985A289BEDBE000DDAC5 /* TapCardVerifyRequest */ = {
			isa = PBXGroup;
			children = (
				E870985B289BEDBE000DDAC5 /* TapCreateCardVerificationRequestModel.swift */,
				E870985C289BEDBE000DDAC5 /* TapAuthenticationRequest.swift */,
				E870985D289BEDBE000DDAC5 /* TapCreateCardVerificationResponseModel.swift */,
			);
			path = TapCardVerifyRequest;
			sourceTree = "<group>";
		};
		E870985E289BEDBE000DDAC5 /* TapInitRequest */ = {
			isa = PBXGroup;
			children = (
				E870985F289BEDBE000DDAC5 /* TapIntentRequestModel.swift */,
				E8709860289BEDBE000DDAC5 /* TapInitResponseModel.swift */,
			);
			path = TapInitRequest;
			sourceTree = "<group>";
		};
		E8709861289BEDBE000DDAC5 /* TapChargeRequest */ = {
			isa = PBXGroup;
			children = (
				E8709862289BEDBE000DDAC5 /* TapChargeRequestModel.swift */,
			);
			path = TapChargeRequest;
			sourceTree = "<group>";
		};
		E8709866289BEDBE000DDAC5 /* TapAuthorizeRequestModel */ = {
			isa = PBXGroup;
			children = (
				E8709867289BEDBE000DDAC5 /* TapAuthorizeRequestModel.swift */,
			);
			path = TapAuthorizeRequestModel;
			sourceTree = "<group>";
		};
		E8709868289BEDBE000DDAC5 /* GoPay */ = {
			isa = PBXGroup;
			children = (
			);
			path = GoPay;
			sourceTree = "<group>";
		};
		E8709869289BEDBE000DDAC5 /* TapTokenRequest */ = {
			isa = PBXGroup;
			children = (
				E870986A289BEDBE000DDAC5 /* TapCreateTokenRequest.swift */,
				E870986B289BEDBE000DDAC5 /* TapCreateTokenWithApplePayTokenRequestModel.swift */,
				E870986C289BEDBE000DDAC5 /* TapCreateTokenWithSavedCardRequest.swift */,
				E870986D289BEDBE000DDAC5 /* TapCreateTokenWithCardDataRequest.swift */,
			);
			path = TapTokenRequest;
			sourceTree = "<group>";
		};
		E870986E289BEDBE000DDAC5 /* TapConfigRequest */ = {
			isa = PBXGroup;
			children = (
				E870986F289BEDBE000DDAC5 /* TapConfigRequestModel.swift */,
				E8709870289BEDBE000DDAC5 /* TapConfigResponseModel.swift */,
			);
			path = TapConfigRequest;
			sourceTree = "<group>";
		};
		E8709871289BEDBE000DDAC5 /* Protocols */ = {
			isa = PBXGroup;
			children = (
				E8709872289BEDBE000DDAC5 /* Retrievable.swift */,
				E8709873289BEDBE000DDAC5 /* UtilitiesProtocols.swift */,
				E8709874289BEDBE000DDAC5 /* ChargeProtocol.swift */,
				E8709875289BEDBE000DDAC5 /* Authenticatable.swift */,
				E8709876289BEDBE000DDAC5 /* SecureEncodable.swift */,
			);
			path = Protocols;
			sourceTree = "<group>";
		};
		E87098BA289BEDDC000DDAC5 /* Enums */ = {
			isa = PBXGroup;
			children = (
				E87098BB289BEDDC000DDAC5 /* public */,
				E87098CB289BEDDC000DDAC5 /* private */,
			);
			path = Enums;
			sourceTree = "<group>";
		};
		E87098BB289BEDDC000DDAC5 /* public */ = {
			isa = PBXGroup;
			children = (
				E87098BC289BEDDC000DDAC5 /* SourcePaymentType.swift */,
				E87098BD289BEDDC000DDAC5 /* TapCheckoutFlipStatus.swift */,
				E87098BE289BEDDC000DDAC5 /* URLStatus.swift */,
				E87098BF289BEDDC000DDAC5 /* SourceType.swift */,
				E87098C0289BEDDC000DDAC5 /* SDKMode.swift */,
				E87098C1289BEDDC000DDAC5 /* SourceObject.swift */,
				E87098C2289BEDDC000DDAC5 /* ChargeStatus.swift */,
				E87098C3289BEDDC000DDAC5 /* AuthenticationRequirer.swift */,
				E87098C4289BEDDC000DDAC5 /* CardVerificationStatus.swift */,
				E87098C5289BEDDC000DDAC5 /* AuthorizeActionStatus.swift */,
				E87098C6289BEDDC000DDAC5 /* AuthenticationStatus.swift */,
				E87098C7289BEDDC000DDAC5 /* TokenType.swift */,
				E87098C8289BEDDC000DDAC5 /* AuthenticationType.swift */,
				E87098C9289BEDDC000DDAC5 /* SourceChannel.swift */,
				E87098CA289BEDDC000DDAC5 /* AddressType.swift */,
			);
			path = public;
			sourceTree = "<group>";
		};
		E87098CB289BEDDC000DDAC5 /* private */ = {
			isa = PBXGroup;
			children = (
				E87098CC289BEDDC000DDAC5 /* TapNetworkPath.swift */,
				E87098CD289BEDDC000DDAC5 /* AddressFormat.swift */,
			);
			path = private;
			sourceTree = "<group>";
		};
		E87098E9289BF0E5000DDAC5 /* Utils */ = {
			isa = PBXGroup;
			children = (
				E87098EA289BF0E5000DDAC5 /* Private */,
			);
			path = Utils;
			sourceTree = "<group>";
		};
		E87098EA289BF0E5000DDAC5 /* Private */ = {
			isa = PBXGroup;
			children = (
				E87098EB289BF0E5000DDAC5 /* Crypter.swift */,
				E87098EC289BF0E5000DDAC5 /* ErrorUtils.swift */,
				E87098EE289BF0E5000DDAC5 /* RSAUtils.swift */,
			);
			path = Private;
			sourceTree = "<group>";
		};
		E88D0E0B24694D96007CA160 = {
			isa = PBXGroup;
			children = (
				E88D0E1724694D96007CA160 /* TapNetworkKit-iOS */,
				627E3CE424DAB42F00B2E096 /* TapNetworkKit-Example */,
				E88D0E1624694D96007CA160 /* Products */,
				3BEE6364A333298E2A967C87 /* Pods */,
				C47AE4107FE9768AE6F4D112 /* Frameworks */,
				E8B8F4AC24DAEC6C003E450B /* Recovered References */,
			);
			sourceTree = "<group>";
		};
		E88D0E1624694D96007CA160 /* Products */ = {
			isa = PBXGroup;
			children = (
				E88D0E1524694D96007CA160 /* TapNetworkKit_iOS.framework */,
				627E3CE324DAB42F00B2E096 /* TapNetworkKit-Example.app */,
			);
			name = Products;
			sourceTree = "<group>";
		};
		E88D0E1724694D96007CA160 /* TapNetworkKit-iOS */ = {
			isa = PBXGroup;
			children = (
				E88D0E2024694DE3007CA160 /* Source */,
				E88D0E1824694D96007CA160 /* TapNetworkKit_iOS.h */,
				E88D0E1924694D96007CA160 /* Info.plist */,
			);
			path = "TapNetworkKit-iOS";
			sourceTree = "<group>";
		};
		E88D0E2024694DE3007CA160 /* Source */ = {
			isa = PBXGroup;
			children = (
				E88D0E2124694DE3007CA160 /* Core */,
			);
			path = Source;
			sourceTree = "<group>";
		};
		E88D0E2124694DE3007CA160 /* Core */ = {
			isa = PBXGroup;
			children = (
				E8709823289BEDAE000DDAC5 /* ApiCalls */,
				620965C824E3EF8500BD9985 /* Logger */,
				E88D0E2F24694DE3007CA160 /* ImageLoading */,
				E88D0E3124694DE3007CA160 /* Reachability */,
				E88D0E2224694DE3007CA160 /* TapNetworkManager.swift */,
				E88D0E2324694DE3007CA160 /* TapNetworkError.swift */,
				E88D0E2424694DE3007CA160 /* TapJSONSerializer.swift */,
				E88D0E2524694DE3007CA160 /* TapDecoder.swift */,
				E88D0E2624694DE3007CA160 /* TapURLModel.swift */,
				E88D0E2724694DE3007CA160 /* TapSerializer.swift */,
				E88D0E2824694DE3007CA160 /* TapSerializationType.swift */,
				E88D0E2924694DE3007CA160 /* TapURLSerializer.swift */,
				E88D0E2A24694DE3007CA160 /* TapPropertyListSerializer.swift */,
				E88D0E2B24694DE3007CA160 /* TapHTTPMethod.swift */,
				E88D0E2C24694DE3007CA160 /* TapBodyModel.swift */,
				E88D0E2D24694DE3007CA160 /* TapEncoder.swift */,
				E88D0E2E24694DE3007CA160 /* TapNetworkRequestOperation.swift */,
				E87098F3289BF352000DDAC5 /* NetworkManager.swift */,
				E87098F7289BF614000DDAC5 /* TapNetworkSession.swift */,
			);
			path = Core;
			sourceTree = "<group>";
		};
		E88D0E2F24694DE3007CA160 /* ImageLoading */ = {
			isa = PBXGroup;
			children = (
				E88D0E3024694DE3007CA160 /* TapImageLoader.swift */,
			);
			path = ImageLoading;
			sourceTree = "<group>";
		};
		E88D0E3124694DE3007CA160 /* Reachability */ = {
			isa = PBXGroup;
			children = (
				E88D0E3224694DE3007CA160 /* TapNetworkReachabilityStatus.swift */,
				E88D0E3324694DE3007CA160 /* TapReachabilityManager.swift */,
			);
			path = Reachability;
			sourceTree = "<group>";
		};
		E8B8F4AC24DAEC6C003E450B /* Recovered References */ = {
			isa = PBXGroup;
			children = (
				8C80EC74200662638F69B803 /* Pods_TapNetworkKit_iOS.framework */,
			);
			name = "Recovered References";
			sourceTree = "<group>";
		};
/* End PBXGroup section */

/* Begin PBXHeadersBuildPhase section */
		E88D0E1024694D96007CA160 /* Headers */ = {
			isa = PBXHeadersBuildPhase;
			buildActionMask = 2147483647;
			files = (
				E88D0E1A24694D96007CA160 /* TapNetworkKit_iOS.h in Headers */,
			);
			runOnlyForDeploymentPostprocessing = 0;
		};
/* End PBXHeadersBuildPhase section */

/* Begin PBXNativeTarget section */
		627E3CE224DAB42F00B2E096 /* TapNetworkKit-Example */ = {
			isa = PBXNativeTarget;
			buildConfigurationList = 627E3CF424DAB43100B2E096 /* Build configuration list for PBXNativeTarget "TapNetworkKit-Example" */;
			buildPhases = (
				9B750C1D815E0DB4237D09A1 /* [CP] Check Pods Manifest.lock */,
				627E3CDF24DAB42F00B2E096 /* Sources */,
				627E3CE024DAB42F00B2E096 /* Frameworks */,
				627E3CE124DAB42F00B2E096 /* Resources */,
				E82BC0A324DAE9730068773C /* Embed Frameworks */,
				6077ECFB6DCB102E343D92D5 /* [CP] Embed Pods Frameworks */,
			);
			buildRules = (
			);
			dependencies = (
				E82BC0A224DAE9730068773C /* PBXTargetDependency */,
			);
			name = "TapNetworkKit-Example";
			productName = "TapNetworkKit-Example";
			productReference = 627E3CE324DAB42F00B2E096 /* TapNetworkKit-Example.app */;
			productType = "com.apple.product-type.application";
		};
		E88D0E1424694D96007CA160 /* TapNetworkKit-iOS */ = {
			isa = PBXNativeTarget;
			buildConfigurationList = E88D0E1D24694D96007CA160 /* Build configuration list for PBXNativeTarget "TapNetworkKit-iOS" */;
			buildPhases = (
				10E811F58F6B7280AA148A73 /* [CP] Check Pods Manifest.lock */,
				E88D0E1024694D96007CA160 /* Headers */,
				E88D0E1124694D96007CA160 /* Sources */,
				E88D0E1224694D96007CA160 /* Frameworks */,
				E88D0E1324694D96007CA160 /* Resources */,
				E82BC09E24DAE9640068773C /* Embed Frameworks */,
			);
			buildRules = (
			);
			dependencies = (
			);
			name = "TapNetworkKit-iOS";
			productName = "TapNetworkKit-iOS";
			productReference = E88D0E1524694D96007CA160 /* TapNetworkKit_iOS.framework */;
			productType = "com.apple.product-type.framework";
		};
/* End PBXNativeTarget section */

/* Begin PBXProject section */
		E88D0E0C24694D96007CA160 /* Project object */ = {
			isa = PBXProject;
			attributes = {
				LastSwiftUpdateCheck = 1150;
				LastUpgradeCheck = 1120;
				ORGANIZATIONNAME = "Tap Payments";
				TargetAttributes = {
					627E3CE224DAB42F00B2E096 = {
						CreatedOnToolsVersion = 11.6;
					};
					E88D0E1424694D96007CA160 = {
						CreatedOnToolsVersion = 11.2.1;
					};
				};
			};
			buildConfigurationList = E88D0E0F24694D96007CA160 /* Build configuration list for PBXProject "TapNetworkKit-iOS" */;
			compatibilityVersion = "Xcode 9.3";
			developmentRegion = en;
			hasScannedForEncodings = 0;
			knownRegions = (
				en,
				Base,
			);
			mainGroup = E88D0E0B24694D96007CA160;
			productRefGroup = E88D0E1624694D96007CA160 /* Products */;
			projectDirPath = "";
			projectRoot = "";
			targets = (
				E88D0E1424694D96007CA160 /* TapNetworkKit-iOS */,
				627E3CE224DAB42F00B2E096 /* TapNetworkKit-Example */,
			);
		};
/* End PBXProject section */

/* Begin PBXResourcesBuildPhase section */
		627E3CE124DAB42F00B2E096 /* Resources */ = {
			isa = PBXResourcesBuildPhase;
			buildActionMask = 2147483647;
			files = (
				627E3CF224DAB43100B2E096 /* LaunchScreen.storyboard in Resources */,
				627E3CEF24DAB43100B2E096 /* Assets.xcassets in Resources */,
				627E3CED24DAB42F00B2E096 /* Main.storyboard in Resources */,
			);
			runOnlyForDeploymentPostprocessing = 0;
		};
		E88D0E1324694D96007CA160 /* Resources */ = {
			isa = PBXResourcesBuildPhase;
			buildActionMask = 2147483647;
			files = (
			);
			runOnlyForDeploymentPostprocessing = 0;
		};
/* End PBXResourcesBuildPhase section */

/* Begin PBXShellScriptBuildPhase section */
		10E811F58F6B7280AA148A73 /* [CP] Check Pods Manifest.lock */ = {
			isa = PBXShellScriptBuildPhase;
			buildActionMask = 2147483647;
			files = (
			);
			inputFileListPaths = (
			);
			inputPaths = (
				"${PODS_PODFILE_DIR_PATH}/Podfile.lock",
				"${PODS_ROOT}/Manifest.lock",
			);
			name = "[CP] Check Pods Manifest.lock";
			outputFileListPaths = (
			);
			outputPaths = (
				"$(DERIVED_FILE_DIR)/Pods-TapNetworkKit-iOS-checkManifestLockResult.txt",
			);
			runOnlyForDeploymentPostprocessing = 0;
			shellPath = /bin/sh;
			shellScript = "diff \"${PODS_PODFILE_DIR_PATH}/Podfile.lock\" \"${PODS_ROOT}/Manifest.lock\" > /dev/null\nif [ $? != 0 ] ; then\n    # print error to STDERR\n    echo \"error: The sandbox is not in sync with the Podfile.lock. Run 'pod install' or update your CocoaPods installation.\" >&2\n    exit 1\nfi\n# This output is used by Xcode 'outputs' to avoid re-running this script phase.\necho \"SUCCESS\" > \"${SCRIPT_OUTPUT_FILE_0}\"\n";
			showEnvVarsInLog = 0;
		};
		6077ECFB6DCB102E343D92D5 /* [CP] Embed Pods Frameworks */ = {
			isa = PBXShellScriptBuildPhase;
			buildActionMask = 2147483647;
			files = (
			);
			inputFileListPaths = (
				"${PODS_ROOT}/Target Support Files/Pods-TapNetworkKit-Example/Pods-TapNetworkKit-Example-frameworks-${CONFIGURATION}-input-files.xcfilelist",
			);
			name = "[CP] Embed Pods Frameworks";
			outputFileListPaths = (
				"${PODS_ROOT}/Target Support Files/Pods-TapNetworkKit-Example/Pods-TapNetworkKit-Example-frameworks-${CONFIGURATION}-output-files.xcfilelist",
			);
			runOnlyForDeploymentPostprocessing = 0;
			shellPath = /bin/sh;
			shellScript = "\"${PODS_ROOT}/Target Support Files/Pods-TapNetworkKit-Example/Pods-TapNetworkKit-Example-frameworks.sh\"\n";
			showEnvVarsInLog = 0;
		};
		9B750C1D815E0DB4237D09A1 /* [CP] Check Pods Manifest.lock */ = {
			isa = PBXShellScriptBuildPhase;
			buildActionMask = 2147483647;
			files = (
			);
			inputFileListPaths = (
			);
			inputPaths = (
				"${PODS_PODFILE_DIR_PATH}/Podfile.lock",
				"${PODS_ROOT}/Manifest.lock",
			);
			name = "[CP] Check Pods Manifest.lock";
			outputFileListPaths = (
			);
			outputPaths = (
				"$(DERIVED_FILE_DIR)/Pods-TapNetworkKit-Example-checkManifestLockResult.txt",
			);
			runOnlyForDeploymentPostprocessing = 0;
			shellPath = /bin/sh;
			shellScript = "diff \"${PODS_PODFILE_DIR_PATH}/Podfile.lock\" \"${PODS_ROOT}/Manifest.lock\" > /dev/null\nif [ $? != 0 ] ; then\n    # print error to STDERR\n    echo \"error: The sandbox is not in sync with the Podfile.lock. Run 'pod install' or update your CocoaPods installation.\" >&2\n    exit 1\nfi\n# This output is used by Xcode 'outputs' to avoid re-running this script phase.\necho \"SUCCESS\" > \"${SCRIPT_OUTPUT_FILE_0}\"\n";
			showEnvVarsInLog = 0;
		};
/* End PBXShellScriptBuildPhase section */

/* Begin PBXSourcesBuildPhase section */
		627E3CDF24DAB42F00B2E096 /* Sources */ = {
			isa = PBXSourcesBuildPhase;
			buildActionMask = 2147483647;
			files = (
				627E3CEA24DAB42F00B2E096 /* ViewController.swift in Sources */,
				627E3CF824DAB80C00B2E096 /* ExampleViewController.swift in Sources */,
				627E3CE624DAB42F00B2E096 /* AppDelegate.swift in Sources */,
				62E2967324DBFD12000A9310 /* TestCaseType.swift in Sources */,
				627E3CE824DAB42F00B2E096 /* SceneDelegate.swift in Sources */,
				62E2966F24DB079F000A9310 /* StoriesError.swift in Sources */,
				62E2966D24DAFB3C000A9310 /* StoreiesResponse.swift in Sources */,
				62E2967124DBFC6B000A9310 /* VoteSuccess.swift in Sources */,
			);
			runOnlyForDeploymentPostprocessing = 0;
		};
		E88D0E1124694D96007CA160 /* Sources */ = {
			isa = PBXSourcesBuildPhase;
			buildActionMask = 2147483647;
			files = (
				E8709892289BEDBE000DDAC5 /* DestinationGroup.swift in Sources */,
				E8709881289BEDBE000DDAC5 /* CardScheme.swift in Sources */,
				E87098AB289BEDBE000DDAC5 /* TapChargeRequestModel.swift in Sources */,
				E870988D289BEDBE000DDAC5 /* Country.swift in Sources */,
				E8709898289BEDBE000DDAC5 /* SavedCard.swift in Sources */,
				E870988F289BEDBE000DDAC5 /* TokenizedCard.swift in Sources */,
				E88D0E4124694DE3007CA160 /* TapImageLoader.swift in Sources */,
				E87098DC289BEDDC000DDAC5 /* AddressType.swift in Sources */,
				E87098D6289BEDDC000DDAC5 /* CardVerificationStatus.swift in Sources */,
				E88D0E4224694DE3007CA160 /* TapNetworkReachabilityStatus.swift in Sources */,
				E87098B0289BEDBE000DDAC5 /* TapCreateTokenWithApplePayTokenRequestModel.swift in Sources */,
				E870989B289BEDBE000DDAC5 /* ExpirationDate.swift in Sources */,
				E87098E6289BF094000DDAC5 /* ApiErrorModel.swift in Sources */,
				E87098A7289BEDBE000DDAC5 /* TapAuthenticationRequest.swift in Sources */,
				E8709895289BEDBE000DDAC5 /* Destination.swift in Sources */,
				E87098B2289BEDBE000DDAC5 /* TapCreateTokenWithCardDataRequest.swift in Sources */,
				E87098DA289BEDDC000DDAC5 /* AuthenticationType.swift in Sources */,
				E87098EF289BF0E5000DDAC5 /* Crypter.swift in Sources */,
				E8709884289BEDBE000DDAC5 /* TapCustomer.swift in Sources */,
				E88D0E3D24694DE3007CA160 /* TapHTTPMethod.swift in Sources */,
				E8709885289BEDBE000DDAC5 /* CreateTokenSavedCard.swift in Sources */,
				E88D0E3424694DE3007CA160 /* TapNetworkManager.swift in Sources */,
				E87098B5289BEDBE000DDAC5 /* Retrievable.swift in Sources */,
				E8709888289BEDBE000DDAC5 /* TransactionOrder.swift in Sources */,
				E87D7A6626B49B7500CF001C /* TapLogStackTraceEntryModel.swift in Sources */,
				E88D0E3E24694DE3007CA160 /* TapBodyModel.swift in Sources */,
				E870988E289BEDBE000DDAC5 /* TapPaymentOption.swift in Sources */,
				E87098CE289BEDDC000DDAC5 /* SourcePaymentType.swift in Sources */,
				E87098D8289BEDDC000DDAC5 /* AuthenticationStatus.swift in Sources */,
				E8709897289BEDBE000DDAC5 /* Token.swift in Sources */,
				E87098B9289BEDBE000DDAC5 /* SecureEncodable.swift in Sources */,
				E87098A9289BEDBE000DDAC5 /* TapIntentRequestModel.swift in Sources */,
				E87098B3289BEDBE000DDAC5 /* TapConfigRequestModel.swift in Sources */,
				E8709899289BEDBE000DDAC5 /* AmountedCurrency.swift in Sources */,
				E8709880289BEDBE000DDAC5 /* Address.swift in Sources */,
				E8709883289BEDBE000DDAC5 /* Order.swift in Sources */,
				E87098DE289BEDDC000DDAC5 /* AddressFormat.swift in Sources */,
				E87098F8289BF614000DDAC5 /* TapNetworkSession.swift in Sources */,
				E870989C289BEDBE000DDAC5 /* Transfer.swift in Sources */,
				E8709882289BEDBE000DDAC5 /* TransactionExpiry.swift in Sources */,
				E8709894289BEDBE000DDAC5 /* TrackingURL.swift in Sources */,
				E88D0E3924694DE3007CA160 /* TapSerializer.swift in Sources */,
				E87098B4289BEDBE000DDAC5 /* TapConfigResponseModel.swift in Sources */,
				E87098CF289BEDDC000DDAC5 /* TapCheckoutFlipStatus.swift in Sources */,
				E87098A2289BEDBE000DDAC5 /* TapBinResponseModel.swift in Sources */,
				E87098D9289BEDDC000DDAC5 /* TokenType.swift in Sources */,
				E87098D0289BEDDC000DDAC5 /* URLStatus.swift in Sources */,
				E87098D3289BEDDC000DDAC5 /* SourceObject.swift in Sources */,
				E87098B7289BEDBE000DDAC5 /* ChargeProtocol.swift in Sources */,
				E870987C289BEDBE000DDAC5 /* Source.swift in Sources */,
				E8709893289BEDBE000DDAC5 /* Authorize.swift in Sources */,
				E88D0E3F24694DE3007CA160 /* TapEncoder.swift in Sources */,
				E8709889289BEDBE000DDAC5 /* Receipt.swift in Sources */,
				E88D0E3624694DE3007CA160 /* TapJSONSerializer.swift in Sources */,
				E8709887289BEDBE000DDAC5 /* AuthorizeActionResponse.swift in Sources */,
				E87098D4289BEDDC000DDAC5 /* ChargeStatus.swift in Sources */,
				E87098B8289BEDBE000DDAC5 /* Authenticatable.swift in Sources */,
				620965CA24E3EF9A00BD9985 /* TapLogger.swift in Sources */,
				E870988A289BEDBE000DDAC5 /* Acquirer.swift in Sources */,
				E87098F0289BF0E5000DDAC5 /* ErrorUtils.swift in Sources */,
				E8709890289BEDBE000DDAC5 /* TapLoggingModel.swift in Sources */,
				E88D0E4324694DE3007CA160 /* TapReachabilityManager.swift in Sources */,
				E87098E7289BF094000DDAC5 /* Merchant.swift in Sources */,
				E88D0E3B24694DE3007CA160 /* TapURLSerializer.swift in Sources */,
				E870988C289BEDBE000DDAC5 /* Response.swift in Sources */,
				E870987B289BEDBE000DDAC5 /* SourceRequest.swift in Sources */,
				E87098E8289BF094000DDAC5 /* Permissions.swift in Sources */,
				E8709886289BEDBE000DDAC5 /* Config.swift in Sources */,
				E87098A8289BEDBE000DDAC5 /* TapCreateCardVerificationResponseModel.swift in Sources */,
				E870987D289BEDBE000DDAC5 /* Reference.swift in Sources */,
				E870989A289BEDBE000DDAC5 /* AuthorizeAction.swift in Sources */,
				E87098D2289BEDDC000DDAC5 /* SDKMode.swift in Sources */,
				E87098A3289BEDBE000DDAC5 /* TapPaymentOptionsReponseModel.swift in Sources */,
				E87098F4289BF352000DDAC5 /* NetworkManager.swift in Sources */,
				E87098AE289BEDBE000DDAC5 /* TapAuthorizeRequestModel.swift in Sources */,
				E870987E289BEDBE000DDAC5 /* Authentication.swift in Sources */,
				E88D0E3824694DE3007CA160 /* TapURLModel.swift in Sources */,
				E87098DD289BEDDC000DDAC5 /* TapNetworkPath.swift in Sources */,
				E88D0E4024694DE3007CA160 /* TapNetworkRequestOperation.swift in Sources */,
				E87098A6289BEDBE000DDAC5 /* TapCreateCardVerificationRequestModel.swift in Sources */,
				E87098F6289BF56E000DDAC5 /* SecretKey.swift in Sources */,
				E88D0E3A24694DE3007CA160 /* TapSerializationType.swift in Sources */,
				E87098B6289BEDBE000DDAC5 /* UtilitiesProtocols.swift in Sources */,
				E87098D1289BEDDC000DDAC5 /* SourceType.swift in Sources */,
				E87098D7289BEDDC000DDAC5 /* AuthorizeActionStatus.swift in Sources */,
				E870989D289BEDBE000DDAC5 /* ExtraFee.swift in Sources */,
				E870987F289BEDBE000DDAC5 /* Gateway.swift in Sources */,
				E8709891289BEDBE000DDAC5 /* TransactionDetails.swift in Sources */,
				E87098AF289BEDBE000DDAC5 /* TapCreateTokenRequest.swift in Sources */,
				E87098E5289BF094000DDAC5 /* InternalSDKSettings.swift in Sources */,
				E87098A5289BEDBE000DDAC5 /* TapDeleteSavedCardResponseModel.swift in Sources */,
				E88D0E3C24694DE3007CA160 /* TapPropertyListSerializer.swift in Sources */,
				E87098D5289BEDDC000DDAC5 /* AuthenticationRequirer.swift in Sources */,
				E87098B1289BEDBE000DDAC5 /* TapCreateTokenWithSavedCardRequest.swift in Sources */,
				E87098AA289BEDBE000DDAC5 /* TapInitResponseModel.swift in Sources */,
				E87098F2289BF0E5000DDAC5 /* RSAUtils.swift in Sources */,
				E88D0E3724694DE3007CA160 /* TapDecoder.swift in Sources */,
				E8709896289BEDBE000DDAC5 /* Charge.swift in Sources */,
				E88D0E3524694DE3007CA160 /* TapNetworkError.swift in Sources */,
				E870988B289BEDBE000DDAC5 /* CreateTokenCard.swift in Sources */,
				E87098DB289BEDDC000DDAC5 /* SourceChannel.swift in Sources */,
				E87098A4289BEDBE000DDAC5 /* TapPaymentOptionsRequestModel.swift in Sources */,
			);
			runOnlyForDeploymentPostprocessing = 0;
		};
/* End PBXSourcesBuildPhase section */

/* Begin PBXTargetDependency section */
		E82BC0A224DAE9730068773C /* PBXTargetDependency */ = {
			isa = PBXTargetDependency;
			target = E88D0E1424694D96007CA160 /* TapNetworkKit-iOS */;
			targetProxy = E82BC0A124DAE9730068773C /* PBXContainerItemProxy */;
		};
/* End PBXTargetDependency section */

/* Begin PBXVariantGroup section */
		627E3CEB24DAB42F00B2E096 /* Main.storyboard */ = {
			isa = PBXVariantGroup;
			children = (
				627E3CEC24DAB42F00B2E096 /* Base */,
			);
			name = Main.storyboard;
			sourceTree = "<group>";
		};
		627E3CF024DAB43100B2E096 /* LaunchScreen.storyboard */ = {
			isa = PBXVariantGroup;
			children = (
				627E3CF124DAB43100B2E096 /* Base */,
			);
			name = LaunchScreen.storyboard;
			sourceTree = "<group>";
		};
/* End PBXVariantGroup section */

/* Begin XCBuildConfiguration section */
		627E3CF524DAB43100B2E096 /* Debug */ = {
			isa = XCBuildConfiguration;
			baseConfigurationReference = A6EFEC15AAC3F76FCEAD23EC /* Pods-TapNetworkKit-Example.debug.xcconfig */;
			buildSettings = {
				ASSETCATALOG_COMPILER_APPICON_NAME = AppIcon;
				CODE_SIGN_STYLE = Automatic;
				INFOPLIST_FILE = "TapNetworkKit-Example/Info.plist";
				IPHONEOS_DEPLOYMENT_TARGET = 12.0;
				LD_RUNPATH_SEARCH_PATHS = (
					"$(inherited)",
					"@executable_path/Frameworks",
				);
				PRODUCT_BUNDLE_IDENTIFIER = "company.kareem.TapNetworkKit-Example";
				PRODUCT_NAME = "$(TARGET_NAME)";
				SWIFT_VERSION = 5.0;
				TARGETED_DEVICE_FAMILY = "1,2";
			};
			name = Debug;
		};
		627E3CF624DAB43100B2E096 /* Release */ = {
			isa = XCBuildConfiguration;
			baseConfigurationReference = 985232C696BC691AAED0AE09 /* Pods-TapNetworkKit-Example.release.xcconfig */;
			buildSettings = {
				ASSETCATALOG_COMPILER_APPICON_NAME = AppIcon;
				CODE_SIGN_STYLE = Automatic;
				INFOPLIST_FILE = "TapNetworkKit-Example/Info.plist";
				IPHONEOS_DEPLOYMENT_TARGET = 12.0;
				LD_RUNPATH_SEARCH_PATHS = (
					"$(inherited)",
					"@executable_path/Frameworks",
				);
				PRODUCT_BUNDLE_IDENTIFIER = "company.kareem.TapNetworkKit-Example";
				PRODUCT_NAME = "$(TARGET_NAME)";
				SWIFT_VERSION = 5.0;
				TARGETED_DEVICE_FAMILY = "1,2";
			};
			name = Release;
		};
		E88D0E1B24694D96007CA160 /* Debug */ = {
			isa = XCBuildConfiguration;
			buildSettings = {
				ALWAYS_SEARCH_USER_PATHS = NO;
				CLANG_ANALYZER_NONNULL = YES;
				CLANG_ANALYZER_NUMBER_OBJECT_CONVERSION = YES_AGGRESSIVE;
				CLANG_CXX_LANGUAGE_STANDARD = "gnu++14";
				CLANG_CXX_LIBRARY = "libc++";
				CLANG_ENABLE_MODULES = YES;
				CLANG_ENABLE_OBJC_ARC = YES;
				CLANG_ENABLE_OBJC_WEAK = YES;
				CLANG_WARN_BLOCK_CAPTURE_AUTORELEASING = YES;
				CLANG_WARN_BOOL_CONVERSION = YES;
				CLANG_WARN_COMMA = YES;
				CLANG_WARN_CONSTANT_CONVERSION = YES;
				CLANG_WARN_DEPRECATED_OBJC_IMPLEMENTATIONS = YES;
				CLANG_WARN_DIRECT_OBJC_ISA_USAGE = YES_ERROR;
				CLANG_WARN_DOCUMENTATION_COMMENTS = YES;
				CLANG_WARN_EMPTY_BODY = YES;
				CLANG_WARN_ENUM_CONVERSION = YES;
				CLANG_WARN_INFINITE_RECURSION = YES;
				CLANG_WARN_INT_CONVERSION = YES;
				CLANG_WARN_NON_LITERAL_NULL_CONVERSION = YES;
				CLANG_WARN_OBJC_IMPLICIT_RETAIN_SELF = YES;
				CLANG_WARN_OBJC_LITERAL_CONVERSION = YES;
				CLANG_WARN_OBJC_ROOT_CLASS = YES_ERROR;
				CLANG_WARN_RANGE_LOOP_ANALYSIS = YES;
				CLANG_WARN_STRICT_PROTOTYPES = YES;
				CLANG_WARN_SUSPICIOUS_MOVE = YES;
				CLANG_WARN_UNGUARDED_AVAILABILITY = YES_AGGRESSIVE;
				CLANG_WARN_UNREACHABLE_CODE = YES;
				CLANG_WARN__DUPLICATE_METHOD_MATCH = YES;
				COPY_PHASE_STRIP = NO;
				CURRENT_PROJECT_VERSION = 1;
				DEBUG_INFORMATION_FORMAT = dwarf;
				ENABLE_STRICT_OBJC_MSGSEND = YES;
				ENABLE_TESTABILITY = YES;
				GCC_C_LANGUAGE_STANDARD = gnu11;
				GCC_DYNAMIC_NO_PIC = NO;
				GCC_NO_COMMON_BLOCKS = YES;
				GCC_OPTIMIZATION_LEVEL = 0;
				GCC_PREPROCESSOR_DEFINITIONS = (
					"DEBUG=1",
					"$(inherited)",
				);
				GCC_WARN_64_TO_32_BIT_CONVERSION = YES;
				GCC_WARN_ABOUT_RETURN_TYPE = YES_ERROR;
				GCC_WARN_UNDECLARED_SELECTOR = YES;
				GCC_WARN_UNINITIALIZED_AUTOS = YES_AGGRESSIVE;
				GCC_WARN_UNUSED_FUNCTION = YES;
				GCC_WARN_UNUSED_VARIABLE = YES;
				IPHONEOS_DEPLOYMENT_TARGET = 12.0;
				MTL_ENABLE_DEBUG_INFO = INCLUDE_SOURCE;
				MTL_FAST_MATH = YES;
				ONLY_ACTIVE_ARCH = YES;
				SDKROOT = iphoneos;
				SWIFT_ACTIVE_COMPILATION_CONDITIONS = DEBUG;
				SWIFT_OPTIMIZATION_LEVEL = "-Onone";
				VERSIONING_SYSTEM = "apple-generic";
				VERSION_INFO_PREFIX = "";
			};
			name = Debug;
		};
		E88D0E1C24694D96007CA160 /* Release */ = {
			isa = XCBuildConfiguration;
			buildSettings = {
				ALWAYS_SEARCH_USER_PATHS = NO;
				CLANG_ANALYZER_NONNULL = YES;
				CLANG_ANALYZER_NUMBER_OBJECT_CONVERSION = YES_AGGRESSIVE;
				CLANG_CXX_LANGUAGE_STANDARD = "gnu++14";
				CLANG_CXX_LIBRARY = "libc++";
				CLANG_ENABLE_MODULES = YES;
				CLANG_ENABLE_OBJC_ARC = YES;
				CLANG_ENABLE_OBJC_WEAK = YES;
				CLANG_WARN_BLOCK_CAPTURE_AUTORELEASING = YES;
				CLANG_WARN_BOOL_CONVERSION = YES;
				CLANG_WARN_COMMA = YES;
				CLANG_WARN_CONSTANT_CONVERSION = YES;
				CLANG_WARN_DEPRECATED_OBJC_IMPLEMENTATIONS = YES;
				CLANG_WARN_DIRECT_OBJC_ISA_USAGE = YES_ERROR;
				CLANG_WARN_DOCUMENTATION_COMMENTS = YES;
				CLANG_WARN_EMPTY_BODY = YES;
				CLANG_WARN_ENUM_CONVERSION = YES;
				CLANG_WARN_INFINITE_RECURSION = YES;
				CLANG_WARN_INT_CONVERSION = YES;
				CLANG_WARN_NON_LITERAL_NULL_CONVERSION = YES;
				CLANG_WARN_OBJC_IMPLICIT_RETAIN_SELF = YES;
				CLANG_WARN_OBJC_LITERAL_CONVERSION = YES;
				CLANG_WARN_OBJC_ROOT_CLASS = YES_ERROR;
				CLANG_WARN_RANGE_LOOP_ANALYSIS = YES;
				CLANG_WARN_STRICT_PROTOTYPES = YES;
				CLANG_WARN_SUSPICIOUS_MOVE = YES;
				CLANG_WARN_UNGUARDED_AVAILABILITY = YES_AGGRESSIVE;
				CLANG_WARN_UNREACHABLE_CODE = YES;
				CLANG_WARN__DUPLICATE_METHOD_MATCH = YES;
				COPY_PHASE_STRIP = NO;
				CURRENT_PROJECT_VERSION = 1;
				DEBUG_INFORMATION_FORMAT = "dwarf-with-dsym";
				ENABLE_NS_ASSERTIONS = NO;
				ENABLE_STRICT_OBJC_MSGSEND = YES;
				GCC_C_LANGUAGE_STANDARD = gnu11;
				GCC_NO_COMMON_BLOCKS = YES;
				GCC_WARN_64_TO_32_BIT_CONVERSION = YES;
				GCC_WARN_ABOUT_RETURN_TYPE = YES_ERROR;
				GCC_WARN_UNDECLARED_SELECTOR = YES;
				GCC_WARN_UNINITIALIZED_AUTOS = YES_AGGRESSIVE;
				GCC_WARN_UNUSED_FUNCTION = YES;
				GCC_WARN_UNUSED_VARIABLE = YES;
				IPHONEOS_DEPLOYMENT_TARGET = 12.0;
				MTL_ENABLE_DEBUG_INFO = NO;
				MTL_FAST_MATH = YES;
				SDKROOT = iphoneos;
				SWIFT_COMPILATION_MODE = wholemodule;
				SWIFT_OPTIMIZATION_LEVEL = "-O";
				VALIDATE_PRODUCT = YES;
				VERSIONING_SYSTEM = "apple-generic";
				VERSION_INFO_PREFIX = "";
			};
			name = Release;
		};
		E88D0E1E24694D96007CA160 /* Debug */ = {
			isa = XCBuildConfiguration;
			baseConfigurationReference = 423B9D349A44D57C9E6DDAA6 /* Pods-TapNetworkKit-iOS.debug.xcconfig */;
			buildSettings = {
				CODE_SIGN_STYLE = Automatic;
				DEFINES_MODULE = YES;
				DEVELOPMENT_TEAM = G46S76PUH4;
				DYLIB_COMPATIBILITY_VERSION = 1;
				DYLIB_CURRENT_VERSION = 1;
				DYLIB_INSTALL_NAME_BASE = "@rpath";
				INFOPLIST_FILE = "TapNetworkKit-iOS/Info.plist";
				INSTALL_PATH = "$(LOCAL_LIBRARY_DIR)/Frameworks";
				IPHONEOS_DEPLOYMENT_TARGET = 12.0;
				LD_RUNPATH_SEARCH_PATHS = (
					"$(inherited)",
					"@executable_path/Frameworks",
					"@loader_path/Frameworks",
				);
				PRODUCT_BUNDLE_IDENTIFIER = "company.tap.TapNetworkKit-iOS";
				PRODUCT_NAME = "$(TARGET_NAME:c99extidentifier)";
				SKIP_INSTALL = YES;
				SUPPORTS_MACCATALYST = NO;
				SWIFT_VERSION = 5.0;
				TARGETED_DEVICE_FAMILY = "1,2";
			};
			name = Debug;
		};
		E88D0E1F24694D96007CA160 /* Release */ = {
			isa = XCBuildConfiguration;
			baseConfigurationReference = 744A2601AF785B883B709855 /* Pods-TapNetworkKit-iOS.release.xcconfig */;
			buildSettings = {
				CODE_SIGN_STYLE = Automatic;
				DEFINES_MODULE = YES;
				DEVELOPMENT_TEAM = G46S76PUH4;
				DYLIB_COMPATIBILITY_VERSION = 1;
				DYLIB_CURRENT_VERSION = 1;
				DYLIB_INSTALL_NAME_BASE = "@rpath";
				INFOPLIST_FILE = "TapNetworkKit-iOS/Info.plist";
				INSTALL_PATH = "$(LOCAL_LIBRARY_DIR)/Frameworks";
				IPHONEOS_DEPLOYMENT_TARGET = 12.0;
				LD_RUNPATH_SEARCH_PATHS = (
					"$(inherited)",
					"@executable_path/Frameworks",
					"@loader_path/Frameworks",
				);
				PRODUCT_BUNDLE_IDENTIFIER = "company.tap.TapNetworkKit-iOS";
				PRODUCT_NAME = "$(TARGET_NAME:c99extidentifier)";
				SKIP_INSTALL = YES;
				SUPPORTS_MACCATALYST = NO;
				SWIFT_VERSION = 5.0;
				TARGETED_DEVICE_FAMILY = "1,2";
			};
			name = Release;
		};
/* End XCBuildConfiguration section */

/* Begin XCConfigurationList section */
		627E3CF424DAB43100B2E096 /* Build configuration list for PBXNativeTarget "TapNetworkKit-Example" */ = {
			isa = XCConfigurationList;
			buildConfigurations = (
				627E3CF524DAB43100B2E096 /* Debug */,
				627E3CF624DAB43100B2E096 /* Release */,
			);
			defaultConfigurationIsVisible = 0;
			defaultConfigurationName = Release;
		};
		E88D0E0F24694D96007CA160 /* Build configuration list for PBXProject "TapNetworkKit-iOS" */ = {
			isa = XCConfigurationList;
			buildConfigurations = (
				E88D0E1B24694D96007CA160 /* Debug */,
				E88D0E1C24694D96007CA160 /* Release */,
			);
			defaultConfigurationIsVisible = 0;
			defaultConfigurationName = Release;
		};
		E88D0E1D24694D96007CA160 /* Build configuration list for PBXNativeTarget "TapNetworkKit-iOS" */ = {
			isa = XCConfigurationList;
			buildConfigurations = (
				E88D0E1E24694D96007CA160 /* Debug */,
				E88D0E1F24694D96007CA160 /* Release */,
			);
			defaultConfigurationIsVisible = 0;
			defaultConfigurationName = Release;
		};
/* End XCConfigurationList section */
	};
	rootObject = E88D0E0C24694D96007CA160 /* Project object */;
}
